// !$*UTF8*$!
{
	archiveVersion = 1;
	classes = {
	};
	objectVersion = 48;
	objects = {

/* Begin PBXBuildFile section */
		512AAC9C20A2346700BCCEB2 /* LECreateConnection.swift in Sources */ = {isa = PBXBuildFile; fileRef = 512AAC9B20A2346700BCCEB2 /* LECreateConnection.swift */; };
		512AAC9D20A2346700BCCEB2 /* LECreateConnection.swift in Sources */ = {isa = PBXBuildFile; fileRef = 512AAC9B20A2346700BCCEB2 /* LECreateConnection.swift */; };
		512AACA220A3737300BCCEB2 /* LEReadRemoteFeatures.swift in Sources */ = {isa = PBXBuildFile; fileRef = 512AACA120A3737300BCCEB2 /* LEReadRemoteFeatures.swift */; };
		512AACA320A3737300BCCEB2 /* LEReadRemoteFeatures.swift in Sources */ = {isa = PBXBuildFile; fileRef = 512AACA120A3737300BCCEB2 /* LEReadRemoteFeatures.swift */; };
		512AACA520A3A5EE00BCCEB2 /* LEEncrypt.swift in Sources */ = {isa = PBXBuildFile; fileRef = 512AACA420A3A5EE00BCCEB2 /* LEEncrypt.swift */; };
		512AACA620A3A5EE00BCCEB2 /* LEEncrypt.swift in Sources */ = {isa = PBXBuildFile; fileRef = 512AACA420A3A5EE00BCCEB2 /* LEEncrypt.swift */; };
		512AACA820A47CE800BCCEB2 /* LELongTermKeyRequestNegativeReply.swift in Sources */ = {isa = PBXBuildFile; fileRef = 512AACA720A47CE800BCCEB2 /* LELongTermKeyRequestNegativeReply.swift */; };
		512AACA920A47CE900BCCEB2 /* LELongTermKeyRequestNegativeReply.swift in Sources */ = {isa = PBXBuildFile; fileRef = 512AACA720A47CE800BCCEB2 /* LELongTermKeyRequestNegativeReply.swift */; };
		512AACAB20A485AB00BCCEB2 /* LELongTermKeyRequestReply.swift in Sources */ = {isa = PBXBuildFile; fileRef = 512AACAA20A485AB00BCCEB2 /* LELongTermKeyRequestReply.swift */; };
		512AACAC20A485AB00BCCEB2 /* LELongTermKeyRequestReply.swift in Sources */ = {isa = PBXBuildFile; fileRef = 512AACAA20A485AB00BCCEB2 /* LELongTermKeyRequestReply.swift */; };
		512AACAE20A4A86C00BCCEB2 /* LEStartEncryption.swift in Sources */ = {isa = PBXBuildFile; fileRef = 512AACAD20A4A86C00BCCEB2 /* LEStartEncryption.swift */; };
		512AACAF20A4A86C00BCCEB2 /* LEStartEncryption.swift in Sources */ = {isa = PBXBuildFile; fileRef = 512AACAD20A4A86C00BCCEB2 /* LEStartEncryption.swift */; };
		512AACB420A4F00900BCCEB2 /* LEReadSupportedStates.swift in Sources */ = {isa = PBXBuildFile; fileRef = 512AACB320A4F00900BCCEB2 /* LEReadSupportedStates.swift */; };
		512AACB520A4F00900BCCEB2 /* LEReadSupportedStates.swift in Sources */ = {isa = PBXBuildFile; fileRef = 512AACB320A4F00900BCCEB2 /* LEReadSupportedStates.swift */; };
		512F4B54208F301200576F34 /* LESetRandomAddress.swift in Sources */ = {isa = PBXBuildFile; fileRef = 512F4B53208F301200576F34 /* LESetRandomAddress.swift */; };
		512F4B55208F301F00576F34 /* LESetRandomAddress.swift in Sources */ = {isa = PBXBuildFile; fileRef = 512F4B53208F301200576F34 /* LESetRandomAddress.swift */; };
		512F4B57208F40AE00576F34 /* LEClearWhiteList.swift in Sources */ = {isa = PBXBuildFile; fileRef = 512F4B56208F40AE00576F34 /* LEClearWhiteList.swift */; };
		512F4B58208F40AE00576F34 /* LEClearWhiteList.swift in Sources */ = {isa = PBXBuildFile; fileRef = 512F4B56208F40AE00576F34 /* LEClearWhiteList.swift */; };
		512F4B5A208F662B00576F34 /* LECreateConnectionCancel.swift in Sources */ = {isa = PBXBuildFile; fileRef = 512F4B59208F662B00576F34 /* LECreateConnectionCancel.swift */; };
		512F4B5B208F662B00576F34 /* LECreateConnectionCancel.swift in Sources */ = {isa = PBXBuildFile; fileRef = 512F4B59208F662B00576F34 /* LECreateConnectionCancel.swift */; };
		5156611920A5E2A300C230A4 /* LEReceiverTest .swift in Sources */ = {isa = PBXBuildFile; fileRef = 5156611820A5E2A300C230A4 /* LEReceiverTest .swift */; };
		5156611A20A5E2A300C230A4 /* LEReceiverTest .swift in Sources */ = {isa = PBXBuildFile; fileRef = 5156611820A5E2A300C230A4 /* LEReceiverTest .swift */; };
		5156611C20A603B300C230A4 /* LETransmitterTest.swift in Sources */ = {isa = PBXBuildFile; fileRef = 5156611B20A603B300C230A4 /* LETransmitterTest.swift */; };
		5156611D20A603B300C230A4 /* LETransmitterTest.swift in Sources */ = {isa = PBXBuildFile; fileRef = 5156611B20A603B300C230A4 /* LETransmitterTest.swift */; };
		5161200B20904D6B00CFB50B /* LEReadLocalSupportedFeatures.swift in Sources */ = {isa = PBXBuildFile; fileRef = 5161200A20904D6B00CFB50B /* LEReadLocalSupportedFeatures.swift */; };
		5161200C20904D6B00CFB50B /* LEReadLocalSupportedFeatures.swift in Sources */ = {isa = PBXBuildFile; fileRef = 5161200A20904D6B00CFB50B /* LEReadLocalSupportedFeatures.swift */; };
		5161200E20905CFB00CFB50B /* LESetEventMask.swift in Sources */ = {isa = PBXBuildFile; fileRef = 5161200D20905CFB00CFB50B /* LESetEventMask.swift */; };
		5161200F20905CFB00CFB50B /* LESetEventMask.swift in Sources */ = {isa = PBXBuildFile; fileRef = 5161200D20905CFB00CFB50B /* LESetEventMask.swift */; };
		5161201120907A0600CFB50B /* LEReadBufferSize.swift in Sources */ = {isa = PBXBuildFile; fileRef = 5161201020907A0600CFB50B /* LEReadBufferSize.swift */; };
		5161201220907A0600CFB50B /* LEReadBufferSize.swift in Sources */ = {isa = PBXBuildFile; fileRef = 5161201020907A0600CFB50B /* LEReadBufferSize.swift */; };
		51725021209CDDB8000E6C9D /* String.swift in Sources */ = {isa = PBXBuildFile; fileRef = 51725020209CDDB8000E6C9D /* String.swift */; };
		51725022209CDDB8000E6C9D /* String.swift in Sources */ = {isa = PBXBuildFile; fileRef = 51725020209CDDB8000E6C9D /* String.swift */; };
		51725024209D21B8000E6C9D /* LEConnectionUpdate.swift in Sources */ = {isa = PBXBuildFile; fileRef = 51725023209D21B8000E6C9D /* LEConnectionUpdate.swift */; };
		51725025209D21B8000E6C9D /* LEConnectionUpdate.swift in Sources */ = {isa = PBXBuildFile; fileRef = 51725023209D21B8000E6C9D /* LEConnectionUpdate.swift */; };
		5172502A20A09C71000E6C9D /* Int.swift in Sources */ = {isa = PBXBuildFile; fileRef = 5172502920A09C71000E6C9D /* Int.swift */; };
		5172502E20A0A49A000E6C9D /* ExtensionTests.swift in Sources */ = {isa = PBXBuildFile; fileRef = 5172502C20A0A49A000E6C9D /* ExtensionTests.swift */; };
		5172502F20A0A91B000E6C9D /* Int.swift in Sources */ = {isa = PBXBuildFile; fileRef = 5172502920A09C71000E6C9D /* Int.swift */; };
		5172503520A0C599000E6C9D /* TestHostController.swift in Sources */ = {isa = PBXBuildFile; fileRef = 5172503320A0C599000E6C9D /* TestHostController.swift */; };
		5172503820A0CDF3000E6C9D /* CommandTests.swift in Sources */ = {isa = PBXBuildFile; fileRef = 5172503620A0CDF3000E6C9D /* CommandTests.swift */; };
		5172503A20A1F6CB000E6C9D /* LESetAdvertisingEnable.swift in Sources */ = {isa = PBXBuildFile; fileRef = 5172503920A1F6CB000E6C9D /* LESetAdvertisingEnable.swift */; };
		5172503B20A1F6CB000E6C9D /* LESetAdvertisingEnable.swift in Sources */ = {isa = PBXBuildFile; fileRef = 5172503920A1F6CB000E6C9D /* LESetAdvertisingEnable.swift */; };
		51EFD8352094658E00867571 /* LEReadChannelMap.swift in Sources */ = {isa = PBXBuildFile; fileRef = 51EFD8342094658E00867571 /* LEReadChannelMap.swift */; };
		51EFD8362094658E00867571 /* LEReadChannelMap.swift in Sources */ = {isa = PBXBuildFile; fileRef = 51EFD8342094658E00867571 /* LEReadChannelMap.swift */; };
		51EFD83820946B2B00867571 /* LEAddDeviceToWhiteList.swift in Sources */ = {isa = PBXBuildFile; fileRef = 51EFD83720946B2B00867571 /* LEAddDeviceToWhiteList.swift */; };
		51EFD83920946B2B00867571 /* LEAddDeviceToWhiteList.swift in Sources */ = {isa = PBXBuildFile; fileRef = 51EFD83720946B2B00867571 /* LEAddDeviceToWhiteList.swift */; };
		51EFD83B20946B4400867571 /* LERemoveDeviceFromWhiteList.swift in Sources */ = {isa = PBXBuildFile; fileRef = 51EFD83A20946B4400867571 /* LERemoveDeviceFromWhiteList.swift */; };
		51EFD83C20946B4400867571 /* LERemoveDeviceFromWhiteList.swift in Sources */ = {isa = PBXBuildFile; fileRef = 51EFD83A20946B4400867571 /* LERemoveDeviceFromWhiteList.swift */; };
		51EFD83E2095B7C900867571 /* LEReadWhiteListSize.swift in Sources */ = {isa = PBXBuildFile; fileRef = 51EFD83D2095B7C900867571 /* LEReadWhiteListSize.swift */; };
		51EFD83F2095B7C900867571 /* LEReadWhiteListSize.swift in Sources */ = {isa = PBXBuildFile; fileRef = 51EFD83D2095B7C900867571 /* LEReadWhiteListSize.swift */; };
		51EFD8412095B9CD00867571 /* LEReadAdvertisingChannelTxPower.swift in Sources */ = {isa = PBXBuildFile; fileRef = 51EFD8402095B9CD00867571 /* LEReadAdvertisingChannelTxPower.swift */; };
		51EFD8422095B9CD00867571 /* LEReadAdvertisingChannelTxPower.swift in Sources */ = {isa = PBXBuildFile; fileRef = 51EFD8402095B9CD00867571 /* LEReadAdvertisingChannelTxPower.swift */; };
		51EFD8442095BD5000867571 /* LERand.swift in Sources */ = {isa = PBXBuildFile; fileRef = 51EFD8432095BD5000867571 /* LERand.swift */; };
		51EFD8452095BD5000867571 /* LERand.swift in Sources */ = {isa = PBXBuildFile; fileRef = 51EFD8432095BD5000867571 /* LERand.swift */; };
		51EFD847209B151E00867571 /* LESetAdvertisingParameters.swift in Sources */ = {isa = PBXBuildFile; fileRef = 51EFD846209B151E00867571 /* LESetAdvertisingParameters.swift */; };
		51EFD848209B151E00867571 /* LESetAdvertisingParameters.swift in Sources */ = {isa = PBXBuildFile; fileRef = 51EFD846209B151E00867571 /* LESetAdvertisingParameters.swift */; };
		51EFD84B209B5D7800867571 /* AddressType.swift in Sources */ = {isa = PBXBuildFile; fileRef = 51EFD84A209B5D7800867571 /* AddressType.swift */; };
		51EFD84C209B5D7800867571 /* AddressType.swift in Sources */ = {isa = PBXBuildFile; fileRef = 51EFD84A209B5D7800867571 /* AddressType.swift */; };
		51F087D4206B014F00B7609C /* ReadLocalName.swift in Sources */ = {isa = PBXBuildFile; fileRef = 51F087D3206B014F00B7609C /* ReadLocalName.swift */; };
		51F087D6206B016000B7609C /* WriteLocalName.swift in Sources */ = {isa = PBXBuildFile; fileRef = 51F087D5206B016000B7609C /* WriteLocalName.swift */; };
		51F087D7206B09EB00B7609C /* WriteLocalName.swift in Sources */ = {isa = PBXBuildFile; fileRef = 51F087D5206B016000B7609C /* WriteLocalName.swift */; };
		51F087D8206B09ED00B7609C /* ReadLocalName.swift in Sources */ = {isa = PBXBuildFile; fileRef = 51F087D3206B014F00B7609C /* ReadLocalName.swift */; };
		6E188712206BDAAC00AAB994 /* CommandLineBool.swift in Sources */ = {isa = PBXBuildFile; fileRef = 6E188711206BDAAC00AAB994 /* CommandLineBool.swift */; };
		6E560BA7206ADD3300EAE3E7 /* hcitool in Copy Executable */ = {isa = PBXBuildFile; fileRef = 6E560B92206ADC1600EAE3E7 /* hcitool */; settings = {ATTRIBUTES = (CodeSignOnCopy, ); }; };
		6E560BB6206ADE9200EAE3E7 /* Command.swift in Sources */ = {isa = PBXBuildFile; fileRef = 6E560BB0206ADE9200EAE3E7 /* Command.swift */; };
		6E560BB7206ADE9200EAE3E7 /* LEScan.swift in Sources */ = {isa = PBXBuildFile; fileRef = 6E560BB1206ADE9200EAE3E7 /* LEScan.swift */; };
		6E560BB8206ADE9200EAE3E7 /* main.swift in Sources */ = {isa = PBXBuildFile; fileRef = 6E560BB2206ADE9200EAE3E7 /* main.swift */; };
		6E560BBA206AEBD400EAE3E7 /* Option.swift in Sources */ = {isa = PBXBuildFile; fileRef = 6E560BB9206AEBD400EAE3E7 /* Option.swift */; };
		6E560BBE206AF31F00EAE3E7 /* Error.swift in Sources */ = {isa = PBXBuildFile; fileRef = 6E560BBD206AF31F00EAE3E7 /* Error.swift */; };
		6E560BF7206AFFE900EAE3E7 /* ArgumentTests.swift in Sources */ = {isa = PBXBuildFile; fileRef = 6E560BF6206AFFD900EAE3E7 /* ArgumentTests.swift */; };
		6E560BFC206B00B600EAE3E7 /* Command.swift in Sources */ = {isa = PBXBuildFile; fileRef = 6E560BB0206ADE9200EAE3E7 /* Command.swift */; };
		6E560BFD206B00B600EAE3E7 /* Error.swift in Sources */ = {isa = PBXBuildFile; fileRef = 6E560BBD206AF31F00EAE3E7 /* Error.swift */; };
		6E560BFE206B00B600EAE3E7 /* Option.swift in Sources */ = {isa = PBXBuildFile; fileRef = 6E560BB9206AEBD400EAE3E7 /* Option.swift */; };
		6E560BFF206B00B600EAE3E7 /* LEScan.swift in Sources */ = {isa = PBXBuildFile; fileRef = 6E560BB1206ADE9200EAE3E7 /* LEScan.swift */; };
		6E560C00206B00B600EAE3E7 /* main.swift in Sources */ = {isa = PBXBuildFile; fileRef = 6E560BB2206ADE9200EAE3E7 /* main.swift */; };
		6E560C1E206B183000EAE3E7 /* iBeacon.swift in Sources */ = {isa = PBXBuildFile; fileRef = 6E560C1D206B183000EAE3E7 /* iBeacon.swift */; };
		6E560C1F206B21CF00EAE3E7 /* iBeacon.swift in Sources */ = {isa = PBXBuildFile; fileRef = 6E560C1D206B183000EAE3E7 /* iBeacon.swift */; };
		6EC07B882094E9DE0031A7C6 /* LEWhiteListDevice.swift in Sources */ = {isa = PBXBuildFile; fileRef = 6EC07B872094E9DE0031A7C6 /* LEWhiteListDevice.swift */; };
		6EC07B892094EDEF0031A7C6 /* LEWhiteListDevice.swift in Sources */ = {isa = PBXBuildFile; fileRef = 6EC07B872094E9DE0031A7C6 /* LEWhiteListDevice.swift */; };
		6ECBCF25206FD89400312117 /* CommandLineBool.swift in Sources */ = {isa = PBXBuildFile; fileRef = 6E188711206BDAAC00AAB994 /* CommandLineBool.swift */; };
/* End PBXBuildFile section */

/* Begin PBXContainerItemProxy section */
		6E560BA8206ADD6B00EAE3E7 /* PBXContainerItemProxy */ = {
			isa = PBXContainerItemProxy;
			containerPortal = 6E560B8A206ADC1600EAE3E7 /* Project object */;
			proxyType = 1;
			remoteGlobalIDString = 6E560B91206ADC1600EAE3E7;
			remoteInfo = hcitool;
		};
		6E560BFA206B004400EAE3E7 /* PBXContainerItemProxy */ = {
			isa = PBXContainerItemProxy;
			containerPortal = 6E560B8A206ADC1600EAE3E7 /* Project object */;
			proxyType = 1;
			remoteGlobalIDString = 6E560B91206ADC1600EAE3E7;
			remoteInfo = hcitool;
		};
/* End PBXContainerItemProxy section */

/* Begin PBXCopyFilesBuildPhase section */
		6E560B90206ADC1600EAE3E7 /* CopyFiles */ = {
			isa = PBXCopyFilesBuildPhase;
			buildActionMask = 2147483647;
			dstPath = /usr/share/man/man1/;
			dstSubfolderSpec = 0;
			files = (
			);
			runOnlyForDeploymentPostprocessing = 1;
		};
		6E560BA6206ADD2200EAE3E7 /* Copy Executable */ = {
			isa = PBXCopyFilesBuildPhase;
			buildActionMask = 2147483647;
			dstPath = "";
			dstSubfolderSpec = 6;
			files = (
				6E560BA7206ADD3300EAE3E7 /* hcitool in Copy Executable */,
			);
			name = "Copy Executable";
			runOnlyForDeploymentPostprocessing = 0;
		};
/* End PBXCopyFilesBuildPhase section */

/* Begin PBXFileReference section */
		512AAC9B20A2346700BCCEB2 /* LECreateConnection.swift */ = {isa = PBXFileReference; lastKnownFileType = sourcecode.swift; path = LECreateConnection.swift; sourceTree = "<group>"; };
		512AACA120A3737300BCCEB2 /* LEReadRemoteFeatures.swift */ = {isa = PBXFileReference; lastKnownFileType = sourcecode.swift; path = LEReadRemoteFeatures.swift; sourceTree = "<group>"; };
		512AACA420A3A5EE00BCCEB2 /* LEEncrypt.swift */ = {isa = PBXFileReference; lastKnownFileType = sourcecode.swift; path = LEEncrypt.swift; sourceTree = "<group>"; };
		512AACA720A47CE800BCCEB2 /* LELongTermKeyRequestNegativeReply.swift */ = {isa = PBXFileReference; lastKnownFileType = sourcecode.swift; path = LELongTermKeyRequestNegativeReply.swift; sourceTree = "<group>"; };
		512AACAA20A485AB00BCCEB2 /* LELongTermKeyRequestReply.swift */ = {isa = PBXFileReference; lastKnownFileType = sourcecode.swift; path = LELongTermKeyRequestReply.swift; sourceTree = "<group>"; };
		512AACAD20A4A86C00BCCEB2 /* LEStartEncryption.swift */ = {isa = PBXFileReference; lastKnownFileType = sourcecode.swift; path = LEStartEncryption.swift; sourceTree = "<group>"; };
		512AACB320A4F00900BCCEB2 /* LEReadSupportedStates.swift */ = {isa = PBXFileReference; lastKnownFileType = sourcecode.swift; path = LEReadSupportedStates.swift; sourceTree = "<group>"; };
		512F4B53208F301200576F34 /* LESetRandomAddress.swift */ = {isa = PBXFileReference; lastKnownFileType = sourcecode.swift; path = LESetRandomAddress.swift; sourceTree = "<group>"; };
		512F4B56208F40AE00576F34 /* LEClearWhiteList.swift */ = {isa = PBXFileReference; lastKnownFileType = sourcecode.swift; path = LEClearWhiteList.swift; sourceTree = "<group>"; };
		512F4B59208F662B00576F34 /* LECreateConnectionCancel.swift */ = {isa = PBXFileReference; lastKnownFileType = sourcecode.swift; path = LECreateConnectionCancel.swift; sourceTree = "<group>"; };
		5156611820A5E2A300C230A4 /* LEReceiverTest .swift */ = {isa = PBXFileReference; lastKnownFileType = sourcecode.swift; path = "LEReceiverTest .swift"; sourceTree = "<group>"; };
		5156611B20A603B300C230A4 /* LETransmitterTest.swift */ = {isa = PBXFileReference; lastKnownFileType = sourcecode.swift; path = LETransmitterTest.swift; sourceTree = "<group>"; };
		5161200A20904D6B00CFB50B /* LEReadLocalSupportedFeatures.swift */ = {isa = PBXFileReference; lastKnownFileType = sourcecode.swift; path = LEReadLocalSupportedFeatures.swift; sourceTree = "<group>"; };
		5161200D20905CFB00CFB50B /* LESetEventMask.swift */ = {isa = PBXFileReference; lastKnownFileType = sourcecode.swift; path = LESetEventMask.swift; sourceTree = "<group>"; };
		5161201020907A0600CFB50B /* LEReadBufferSize.swift */ = {isa = PBXFileReference; lastKnownFileType = sourcecode.swift; path = LEReadBufferSize.swift; sourceTree = "<group>"; };
		51725020209CDDB8000E6C9D /* String.swift */ = {isa = PBXFileReference; lastKnownFileType = sourcecode.swift; path = String.swift; sourceTree = "<group>"; };
		51725023209D21B8000E6C9D /* LEConnectionUpdate.swift */ = {isa = PBXFileReference; lastKnownFileType = sourcecode.swift; path = LEConnectionUpdate.swift; sourceTree = "<group>"; };
		5172502920A09C71000E6C9D /* Int.swift */ = {isa = PBXFileReference; lastKnownFileType = sourcecode.swift; path = Int.swift; sourceTree = "<group>"; };
		5172502C20A0A49A000E6C9D /* ExtensionTests.swift */ = {isa = PBXFileReference; lastKnownFileType = sourcecode.swift; name = ExtensionTests.swift; path = ../hcitoolTests/ExtensionTests.swift; sourceTree = "<group>"; };
		5172503320A0C599000E6C9D /* TestHostController.swift */ = {isa = PBXFileReference; lastKnownFileType = sourcecode.swift; path = TestHostController.swift; sourceTree = "<group>"; };
		5172503620A0CDF3000E6C9D /* CommandTests.swift */ = {isa = PBXFileReference; lastKnownFileType = sourcecode.swift; path = CommandTests.swift; sourceTree = "<group>"; };
		5172503920A1F6CB000E6C9D /* LESetAdvertisingEnable.swift */ = {isa = PBXFileReference; lastKnownFileType = sourcecode.swift; path = LESetAdvertisingEnable.swift; sourceTree = "<group>"; };
		51EFD8342094658E00867571 /* LEReadChannelMap.swift */ = {isa = PBXFileReference; lastKnownFileType = sourcecode.swift; path = LEReadChannelMap.swift; sourceTree = "<group>"; };
		51EFD83720946B2B00867571 /* LEAddDeviceToWhiteList.swift */ = {isa = PBXFileReference; lastKnownFileType = sourcecode.swift; path = LEAddDeviceToWhiteList.swift; sourceTree = "<group>"; };
		51EFD83A20946B4400867571 /* LERemoveDeviceFromWhiteList.swift */ = {isa = PBXFileReference; lastKnownFileType = sourcecode.swift; path = LERemoveDeviceFromWhiteList.swift; sourceTree = "<group>"; };
		51EFD83D2095B7C900867571 /* LEReadWhiteListSize.swift */ = {isa = PBXFileReference; lastKnownFileType = sourcecode.swift; path = LEReadWhiteListSize.swift; sourceTree = "<group>"; };
		51EFD8402095B9CD00867571 /* LEReadAdvertisingChannelTxPower.swift */ = {isa = PBXFileReference; lastKnownFileType = sourcecode.swift; path = LEReadAdvertisingChannelTxPower.swift; sourceTree = "<group>"; };
		51EFD8432095BD5000867571 /* LERand.swift */ = {isa = PBXFileReference; lastKnownFileType = sourcecode.swift; path = LERand.swift; sourceTree = "<group>"; };
		51EFD846209B151E00867571 /* LESetAdvertisingParameters.swift */ = {isa = PBXFileReference; lastKnownFileType = sourcecode.swift; path = LESetAdvertisingParameters.swift; sourceTree = "<group>"; };
		51EFD84A209B5D7800867571 /* AddressType.swift */ = {isa = PBXFileReference; lastKnownFileType = sourcecode.swift; path = AddressType.swift; sourceTree = "<group>"; };
		51F087D3206B014F00B7609C /* ReadLocalName.swift */ = {isa = PBXFileReference; lastKnownFileType = sourcecode.swift; path = ReadLocalName.swift; sourceTree = "<group>"; };
		51F087D5206B016000B7609C /* WriteLocalName.swift */ = {isa = PBXFileReference; lastKnownFileType = sourcecode.swift; path = WriteLocalName.swift; sourceTree = "<group>"; };
		6E188711206BDAAC00AAB994 /* CommandLineBool.swift */ = {isa = PBXFileReference; fileEncoding = 4; lastKnownFileType = sourcecode.swift; path = CommandLineBool.swift; sourceTree = "<group>"; };
		6E560B92206ADC1600EAE3E7 /* hcitool */ = {isa = PBXFileReference; explicitFileType = "compiled.mach-o.executable"; includeInIndex = 0; path = hcitool; sourceTree = BUILT_PRODUCTS_DIR; };
		6E560BA0206ADCCC00EAE3E7 /* hcitool.bundle */ = {isa = PBXFileReference; explicitFileType = wrapper.cfbundle; includeInIndex = 0; path = hcitool.bundle; sourceTree = BUILT_PRODUCTS_DIR; };
		6E560BA2206ADCCC00EAE3E7 /* Info.plist */ = {isa = PBXFileReference; lastKnownFileType = text.plist.xml; path = Info.plist; sourceTree = "<group>"; };
		6E560BB0206ADE9200EAE3E7 /* Command.swift */ = {isa = PBXFileReference; fileEncoding = 4; lastKnownFileType = sourcecode.swift; path = Command.swift; sourceTree = "<group>"; };
		6E560BB1206ADE9200EAE3E7 /* LEScan.swift */ = {isa = PBXFileReference; fileEncoding = 4; lastKnownFileType = sourcecode.swift; path = LEScan.swift; sourceTree = "<group>"; };
		6E560BB2206ADE9200EAE3E7 /* main.swift */ = {isa = PBXFileReference; fileEncoding = 4; lastKnownFileType = sourcecode.swift; path = main.swift; sourceTree = "<group>"; };
		6E560BB9206AEBD400EAE3E7 /* Option.swift */ = {isa = PBXFileReference; lastKnownFileType = sourcecode.swift; path = Option.swift; sourceTree = "<group>"; };
		6E560BBB206AEE0100EAE3E7 /* Cartfile */ = {isa = PBXFileReference; lastKnownFileType = text; name = Cartfile; path = ../Cartfile; sourceTree = "<group>"; };
		6E560BBC206AEE0100EAE3E7 /* Package.swift */ = {isa = PBXFileReference; lastKnownFileType = sourcecode.swift; name = Package.swift; path = ../Package.swift; sourceTree = "<group>"; };
		6E560BBD206AF31F00EAE3E7 /* Error.swift */ = {isa = PBXFileReference; lastKnownFileType = sourcecode.swift; path = Error.swift; sourceTree = "<group>"; };
		6E560BEB206AFFC200EAE3E7 /* HCIToolTests.xctest */ = {isa = PBXFileReference; explicitFileType = wrapper.cfbundle; includeInIndex = 0; path = HCIToolTests.xctest; sourceTree = BUILT_PRODUCTS_DIR; };
		6E560BEF206AFFC200EAE3E7 /* Info.plist */ = {isa = PBXFileReference; lastKnownFileType = text.plist.xml; path = Info.plist; sourceTree = "<group>"; };
		6E560BF4206AFFD900EAE3E7 /* LinuxMain.swift */ = {isa = PBXFileReference; lastKnownFileType = sourcecode.swift; path = LinuxMain.swift; sourceTree = "<group>"; };
		6E560BF6206AFFD900EAE3E7 /* ArgumentTests.swift */ = {isa = PBXFileReference; lastKnownFileType = sourcecode.swift; path = ArgumentTests.swift; sourceTree = "<group>"; };
		6E560C1D206B183000EAE3E7 /* iBeacon.swift */ = {isa = PBXFileReference; lastKnownFileType = sourcecode.swift; path = iBeacon.swift; sourceTree = "<group>"; };
		6EC07B872094E9DE0031A7C6 /* LEWhiteListDevice.swift */ = {isa = PBXFileReference; lastKnownFileType = sourcecode.swift; path = LEWhiteListDevice.swift; sourceTree = "<group>"; };
/* End PBXFileReference section */

/* Begin PBXFrameworksBuildPhase section */
		6E560B8F206ADC1600EAE3E7 /* Frameworks */ = {
			isa = PBXFrameworksBuildPhase;
			buildActionMask = 2147483647;
			files = (
			);
			runOnlyForDeploymentPostprocessing = 0;
		};
		6E560B9D206ADCCC00EAE3E7 /* Frameworks */ = {
			isa = PBXFrameworksBuildPhase;
			buildActionMask = 2147483647;
			files = (
			);
			runOnlyForDeploymentPostprocessing = 0;
		};
		6E560BE8206AFFC200EAE3E7 /* Frameworks */ = {
			isa = PBXFrameworksBuildPhase;
			buildActionMask = 2147483647;
			files = (
			);
			runOnlyForDeploymentPostprocessing = 0;
		};
/* End PBXFrameworksBuildPhase section */

/* Begin PBXGroup section */
		5172502620A09B8E000E6C9D /* Command */ = {
			isa = PBXGroup;
			children = (
				6E560C1D206B183000EAE3E7 /* iBeacon.swift */,
				51F087D3206B014F00B7609C /* ReadLocalName.swift */,
				51F087D5206B016000B7609C /* WriteLocalName.swift */,
				5161200D20905CFB00CFB50B /* LESetEventMask.swift */,
				5161201020907A0600CFB50B /* LEReadBufferSize.swift */,
				5161200A20904D6B00CFB50B /* LEReadLocalSupportedFeatures.swift */,
				512AACA120A3737300BCCEB2 /* LEReadRemoteFeatures.swift */,
				51EFD846209B151E00867571 /* LESetAdvertisingParameters.swift */,
				6E560BB1206ADE9200EAE3E7 /* LEScan.swift */,
				5172503920A1F6CB000E6C9D /* LESetAdvertisingEnable.swift */,
				512F4B53208F301200576F34 /* LESetRandomAddress.swift */,
				51EFD8402095B9CD00867571 /* LEReadAdvertisingChannelTxPower.swift */,
				512AAC9B20A2346700BCCEB2 /* LECreateConnection.swift */,
				512F4B59208F662B00576F34 /* LECreateConnectionCancel.swift */,
				51EFD8342094658E00867571 /* LEReadChannelMap.swift */,
				51EFD83D2095B7C900867571 /* LEReadWhiteListSize.swift */,
				512F4B56208F40AE00576F34 /* LEClearWhiteList.swift */,
				51EFD83720946B2B00867571 /* LEAddDeviceToWhiteList.swift */,
				51EFD83A20946B4400867571 /* LERemoveDeviceFromWhiteList.swift */,
				51725023209D21B8000E6C9D /* LEConnectionUpdate.swift */,
				6EC07B872094E9DE0031A7C6 /* LEWhiteListDevice.swift */,
				51EFD8432095BD5000867571 /* LERand.swift */,
				512AACA420A3A5EE00BCCEB2 /* LEEncrypt.swift */,
				512AACA720A47CE800BCCEB2 /* LELongTermKeyRequestNegativeReply.swift */,
				512AACAA20A485AB00BCCEB2 /* LELongTermKeyRequestReply.swift */,
				512AACAD20A4A86C00BCCEB2 /* LEStartEncryption.swift */,
				512AACB320A4F00900BCCEB2 /* LEReadSupportedStates.swift */,
				5156611820A5E2A300C230A4 /* LEReceiverTest .swift */,
				5156611B20A603B300C230A4 /* LETransmitterTest.swift */,
			);
			name = Command;
			sourceTree = "<group>";
		};
		5172502720A09BB0000E6C9D /* Extensions */ = {
			isa = PBXGroup;
			children = (
				51725020209CDDB8000E6C9D /* String.swift */,
				5172502920A09C71000E6C9D /* Int.swift */,
			);
			name = Extensions;
			sourceTree = "<group>";
		};
		5172502820A09BF3000E6C9D /* Model */ = {
			isa = PBXGroup;
			children = (
				6E560BB0206ADE9200EAE3E7 /* Command.swift */,
				6E560BB9206AEBD400EAE3E7 /* Option.swift */,
				51EFD84A209B5D7800867571 /* AddressType.swift */,
				6E188711206BDAAC00AAB994 /* CommandLineBool.swift */,
				6E560BBD206AF31F00EAE3E7 /* Error.swift */,
			);
			name = Model;
			sourceTree = "<group>";
		};
		6E560B89206ADC1600EAE3E7 = {
			isa = PBXGroup;
			children = (
				6E560BBC206AEE0100EAE3E7 /* Package.swift */,
				6E560BBB206AEE0100EAE3E7 /* Cartfile */,
				6E560BAB206ADE9200EAE3E7 /* Sources */,
				6E560BF3206AFFD900EAE3E7 /* Tests */,
				6E560BA1206ADCCC00EAE3E7 /* hcitoolBundle */,
				6E560BEC206AFFC200EAE3E7 /* HCIToolTests */,
				6E560B93206ADC1600EAE3E7 /* Products */,
			);
			sourceTree = "<group>";
		};
		6E560B93206ADC1600EAE3E7 /* Products */ = {
			isa = PBXGroup;
			children = (
				6E560B92206ADC1600EAE3E7 /* hcitool */,
				6E560BA0206ADCCC00EAE3E7 /* hcitool.bundle */,
				6E560BEB206AFFC200EAE3E7 /* HCIToolTests.xctest */,
			);
			name = Products;
			sourceTree = "<group>";
		};
		6E560BA1206ADCCC00EAE3E7 /* hcitoolBundle */ = {
			isa = PBXGroup;
			children = (
				6E560BA2206ADCCC00EAE3E7 /* Info.plist */,
			);
			path = hcitoolBundle;
			sourceTree = "<group>";
		};
		6E560BAB206ADE9200EAE3E7 /* Sources */ = {
			isa = PBXGroup;
			children = (
				6E560BAC206ADE9200EAE3E7 /* hcitool */,
			);
			name = Sources;
			path = ../Sources;
			sourceTree = "<group>";
		};
		6E560BAC206ADE9200EAE3E7 /* hcitool */ = {
			isa = PBXGroup;
			children = (
				6E560BB2206ADE9200EAE3E7 /* main.swift */,
				5172502820A09BF3000E6C9D /* Model */,
				5172502720A09BB0000E6C9D /* Extensions */,
				5172502620A09B8E000E6C9D /* Command */,
			);
			path = hcitool;
			sourceTree = "<group>";
		};
		6E560BEC206AFFC200EAE3E7 /* HCIToolTests */ = {
			isa = PBXGroup;
			children = (
				6E560BEF206AFFC200EAE3E7 /* Info.plist */,
			);
			path = HCIToolTests;
			sourceTree = "<group>";
		};
		6E560BF3206AFFD900EAE3E7 /* Tests */ = {
			isa = PBXGroup;
			children = (
				6E560BF4206AFFD900EAE3E7 /* LinuxMain.swift */,
				6E560BF5206AFFD900EAE3E7 /* HCIToolTests */,
			);
			name = Tests;
			path = ../Tests;
			sourceTree = "<group>";
		};
		6E560BF5206AFFD900EAE3E7 /* HCIToolTests */ = {
			isa = PBXGroup;
			children = (
				6E560BF6206AFFD900EAE3E7 /* ArgumentTests.swift */,
				5172503620A0CDF3000E6C9D /* CommandTests.swift */,
				5172502C20A0A49A000E6C9D /* ExtensionTests.swift */,
				5172503320A0C599000E6C9D /* TestHostController.swift */,
			);
			path = HCIToolTests;
			sourceTree = "<group>";
		};
/* End PBXGroup section */

/* Begin PBXNativeTarget section */
		6E560B91206ADC1600EAE3E7 /* hcitool */ = {
			isa = PBXNativeTarget;
			buildConfigurationList = 6E560B99206ADC1600EAE3E7 /* Build configuration list for PBXNativeTarget "hcitool" */;
			buildPhases = (
				6E560B8E206ADC1600EAE3E7 /* Sources */,
				6E560B8F206ADC1600EAE3E7 /* Frameworks */,
				6E560B90206ADC1600EAE3E7 /* CopyFiles */,
			);
			buildRules = (
			);
			dependencies = (
			);
			name = hcitool;
			productName = hcitool;
			productReference = 6E560B92206ADC1600EAE3E7 /* hcitool */;
			productType = "com.apple.product-type.tool";
		};
		6E560B9F206ADCCC00EAE3E7 /* hcitoolBundle */ = {
			isa = PBXNativeTarget;
			buildConfigurationList = 6E560BA3206ADCCC00EAE3E7 /* Build configuration list for PBXNativeTarget "hcitoolBundle" */;
			buildPhases = (
				6E560B9C206ADCCC00EAE3E7 /* Sources */,
				6E560B9D206ADCCC00EAE3E7 /* Frameworks */,
				6E560B9E206ADCCC00EAE3E7 /* Resources */,
				6E560BA6206ADD2200EAE3E7 /* Copy Executable */,
				6E560BAA206ADD9600EAE3E7 /* Carthage */,
			);
			buildRules = (
			);
			dependencies = (
				6E560BA9206ADD6B00EAE3E7 /* PBXTargetDependency */,
			);
			name = hcitoolBundle;
			productName = hcitoolBundle;
			productReference = 6E560BA0206ADCCC00EAE3E7 /* hcitool.bundle */;
			productType = "com.apple.product-type.bundle";
		};
		6E560BEA206AFFC200EAE3E7 /* HCIToolTests */ = {
			isa = PBXNativeTarget;
			buildConfigurationList = 6E560BF0206AFFC200EAE3E7 /* Build configuration list for PBXNativeTarget "HCIToolTests" */;
			buildPhases = (
				6E560BE7206AFFC200EAE3E7 /* Sources */,
				6E560BE8206AFFC200EAE3E7 /* Frameworks */,
				6E560BE9206AFFC200EAE3E7 /* Resources */,
			);
			buildRules = (
			);
			dependencies = (
				6E560BFB206B004400EAE3E7 /* PBXTargetDependency */,
			);
			name = HCIToolTests;
			productName = HCIToolTests;
			productReference = 6E560BEB206AFFC200EAE3E7 /* HCIToolTests.xctest */;
			productType = "com.apple.product-type.bundle.unit-test";
		};
/* End PBXNativeTarget section */

/* Begin PBXProject section */
		6E560B8A206ADC1600EAE3E7 /* Project object */ = {
			isa = PBXProject;
			attributes = {
				LastSwiftUpdateCheck = 0920;
				LastUpgradeCheck = 0930;
				ORGANIZATIONNAME = "Pure Swift";
				TargetAttributes = {
					6E560B91206ADC1600EAE3E7 = {
						CreatedOnToolsVersion = 9.2;
						LastSwiftMigration = 0930;
						ProvisioningStyle = Automatic;
					};
					6E560B9F206ADCCC00EAE3E7 = {
						CreatedOnToolsVersion = 9.2;
						LastSwiftMigration = 0930;
						ProvisioningStyle = Automatic;
					};
					6E560BEA206AFFC200EAE3E7 = {
						CreatedOnToolsVersion = 9.2;
						ProvisioningStyle = Automatic;
					};
				};
			};
			buildConfigurationList = 6E560B8D206ADC1600EAE3E7 /* Build configuration list for PBXProject "hcitool" */;
			compatibilityVersion = "Xcode 8.0";
			developmentRegion = en;
			hasScannedForEncodings = 0;
			knownRegions = (
				en,
			);
			mainGroup = 6E560B89206ADC1600EAE3E7;
			productRefGroup = 6E560B93206ADC1600EAE3E7 /* Products */;
			projectDirPath = "";
			projectRoot = "";
			targets = (
				6E560B9F206ADCCC00EAE3E7 /* hcitoolBundle */,
				6E560B91206ADC1600EAE3E7 /* hcitool */,
				6E560BEA206AFFC200EAE3E7 /* HCIToolTests */,
			);
		};
/* End PBXProject section */

/* Begin PBXResourcesBuildPhase section */
		6E560B9E206ADCCC00EAE3E7 /* Resources */ = {
			isa = PBXResourcesBuildPhase;
			buildActionMask = 2147483647;
			files = (
			);
			runOnlyForDeploymentPostprocessing = 0;
		};
		6E560BE9206AFFC200EAE3E7 /* Resources */ = {
			isa = PBXResourcesBuildPhase;
			buildActionMask = 2147483647;
			files = (
			);
			runOnlyForDeploymentPostprocessing = 0;
		};
/* End PBXResourcesBuildPhase section */

/* Begin PBXShellScriptBuildPhase section */
		6E560BAA206ADD9600EAE3E7 /* Carthage */ = {
			isa = PBXShellScriptBuildPhase;
			buildActionMask = 2147483647;
			files = (
			);
			inputPaths = (
				"$(SRCROOT)/../Carthage/Build/Mac/Bluetooth.framework",
				"$(SRCROOT)/../Carthage/Build/Mac/BluetoothDarwin.framework",
				"$(SRCROOT)/../Carthage/Build/Mac/Rainbow.framework",
			);
			name = Carthage;
			outputPaths = (
			);
			runOnlyForDeploymentPostprocessing = 0;
			shellPath = /bin/sh;
			shellScript = "/usr/local/bin/carthage copy-frameworks";
		};
/* End PBXShellScriptBuildPhase section */

/* Begin PBXSourcesBuildPhase section */
		6E560B8E206ADC1600EAE3E7 /* Sources */ = {
			isa = PBXSourcesBuildPhase;
			buildActionMask = 2147483647;
			files = (
				512AACA520A3A5EE00BCCEB2 /* LEEncrypt.swift in Sources */,
				6E560BB8206ADE9200EAE3E7 /* main.swift in Sources */,
				51EFD83E2095B7C900867571 /* LEReadWhiteListSize.swift in Sources */,
				512F4B5A208F662B00576F34 /* LECreateConnectionCancel.swift in Sources */,
				5161201120907A0600CFB50B /* LEReadBufferSize.swift in Sources */,
				51EFD83820946B2B00867571 /* LEAddDeviceToWhiteList.swift in Sources */,
				51EFD847209B151E00867571 /* LESetAdvertisingParameters.swift in Sources */,
				5172502A20A09C71000E6C9D /* Int.swift in Sources */,
				5172503A20A1F6CB000E6C9D /* LESetAdvertisingEnable.swift in Sources */,
				6E560C1E206B183000EAE3E7 /* iBeacon.swift in Sources */,
				6E560BBA206AEBD400EAE3E7 /* Option.swift in Sources */,
				51EFD83B20946B4400867571 /* LERemoveDeviceFromWhiteList.swift in Sources */,
				512AACA820A47CE800BCCEB2 /* LELongTermKeyRequestNegativeReply.swift in Sources */,
				51725024209D21B8000E6C9D /* LEConnectionUpdate.swift in Sources */,
				51EFD8412095B9CD00867571 /* LEReadAdvertisingChannelTxPower.swift in Sources */,
				51EFD8352094658E00867571 /* LEReadChannelMap.swift in Sources */,
				5161200B20904D6B00CFB50B /* LEReadLocalSupportedFeatures.swift in Sources */,
				51F087D4206B014F00B7609C /* ReadLocalName.swift in Sources */,
				6E560BB6206ADE9200EAE3E7 /* Command.swift in Sources */,
				512AACAB20A485AB00BCCEB2 /* LELongTermKeyRequestReply.swift in Sources */,
				6E188712206BDAAC00AAB994 /* CommandLineBool.swift in Sources */,
				512AACA220A3737300BCCEB2 /* LEReadRemoteFeatures.swift in Sources */,
				6E560BBE206AF31F00EAE3E7 /* Error.swift in Sources */,
				512F4B57208F40AE00576F34 /* LEClearWhiteList.swift in Sources */,
				51725021209CDDB8000E6C9D /* String.swift in Sources */,
				51F087D6206B016000B7609C /* WriteLocalName.swift in Sources */,
				5156611920A5E2A300C230A4 /* LEReceiverTest .swift in Sources */,
				512AAC9C20A2346700BCCEB2 /* LECreateConnection.swift in Sources */,
				5161200E20905CFB00CFB50B /* LESetEventMask.swift in Sources */,
				512AACAE20A4A86C00BCCEB2 /* LEStartEncryption.swift in Sources */,
				512AACB420A4F00900BCCEB2 /* LEReadSupportedStates.swift in Sources */,
				512F4B54208F301200576F34 /* LESetRandomAddress.swift in Sources */,
				51EFD84B209B5D7800867571 /* AddressType.swift in Sources */,
				51EFD8442095BD5000867571 /* LERand.swift in Sources */,
				5156611C20A603B300C230A4 /* LETransmitterTest.swift in Sources */,
				6EC07B882094E9DE0031A7C6 /* LEWhiteListDevice.swift in Sources */,
				6E560BB7206ADE9200EAE3E7 /* LEScan.swift in Sources */,
			);
			runOnlyForDeploymentPostprocessing = 0;
		};
		6E560B9C206ADCCC00EAE3E7 /* Sources */ = {
			isa = PBXSourcesBuildPhase;
			buildActionMask = 2147483647;
			files = (
			);
			runOnlyForDeploymentPostprocessing = 0;
		};
		6E560BE7206AFFC200EAE3E7 /* Sources */ = {
			isa = PBXSourcesBuildPhase;
			buildActionMask = 2147483647;
			files = (
				512AACAF20A4A86C00BCCEB2 /* LEStartEncryption.swift in Sources */,
				5161201220907A0600CFB50B /* LEReadBufferSize.swift in Sources */,
				6E560BFE206B00B600EAE3E7 /* Option.swift in Sources */,
				6E560BF7206AFFE900EAE3E7 /* ArgumentTests.swift in Sources */,
				512AACB520A4F00900BCCEB2 /* LEReadSupportedStates.swift in Sources */,
				5172502F20A0A91B000E6C9D /* Int.swift in Sources */,
				512AACA320A3737300BCCEB2 /* LEReadRemoteFeatures.swift in Sources */,
				512F4B55208F301F00576F34 /* LESetRandomAddress.swift in Sources */,
				512AACAC20A485AB00BCCEB2 /* LELongTermKeyRequestReply.swift in Sources */,
				6E560C00206B00B600EAE3E7 /* main.swift in Sources */,
				6ECBCF25206FD89400312117 /* CommandLineBool.swift in Sources */,
				5172503520A0C599000E6C9D /* TestHostController.swift in Sources */,
				512AACA920A47CE900BCCEB2 /* LELongTermKeyRequestNegativeReply.swift in Sources */,
				51EFD83F2095B7C900867571 /* LEReadWhiteListSize.swift in Sources */,
				5172503820A0CDF3000E6C9D /* CommandTests.swift in Sources */,
				51F087D7206B09EB00B7609C /* WriteLocalName.swift in Sources */,
				51EFD84C209B5D7800867571 /* AddressType.swift in Sources */,
				5172502E20A0A49A000E6C9D /* ExtensionTests.swift in Sources */,
				512AAC9D20A2346700BCCEB2 /* LECreateConnection.swift in Sources */,
				51EFD848209B151E00867571 /* LESetAdvertisingParameters.swift in Sources */,
				5161200F20905CFB00CFB50B /* LESetEventMask.swift in Sources */,
				6E560BFD206B00B600EAE3E7 /* Error.swift in Sources */,
				5156611A20A5E2A300C230A4 /* LEReceiverTest .swift in Sources */,
				51EFD83920946B2B00867571 /* LEAddDeviceToWhiteList.swift in Sources */,
				5156611D20A603B300C230A4 /* LETransmitterTest.swift in Sources */,
				6E560BFC206B00B600EAE3E7 /* Command.swift in Sources */,
				51725022209CDDB8000E6C9D /* String.swift in Sources */,
				5161200C20904D6B00CFB50B /* LEReadLocalSupportedFeatures.swift in Sources */,
				6E560C1F206B21CF00EAE3E7 /* iBeacon.swift in Sources */,
				512F4B5B208F662B00576F34 /* LECreateConnectionCancel.swift in Sources */,
				51F087D8206B09ED00B7609C /* ReadLocalName.swift in Sources */,
				51EFD83C20946B4400867571 /* LERemoveDeviceFromWhiteList.swift in Sources */,
				6EC07B892094EDEF0031A7C6 /* LEWhiteListDevice.swift in Sources */,
				6E560BFF206B00B600EAE3E7 /* LEScan.swift in Sources */,
				51EFD8422095B9CD00867571 /* LEReadAdvertisingChannelTxPower.swift in Sources */,
				5172503B20A1F6CB000E6C9D /* LESetAdvertisingEnable.swift in Sources */,
				51EFD8362094658E00867571 /* LEReadChannelMap.swift in Sources */,
				512AACA620A3A5EE00BCCEB2 /* LEEncrypt.swift in Sources */,
				512F4B58208F40AE00576F34 /* LEClearWhiteList.swift in Sources */,
				51EFD8452095BD5000867571 /* LERand.swift in Sources */,
				51725025209D21B8000E6C9D /* LEConnectionUpdate.swift in Sources */,
			);
			runOnlyForDeploymentPostprocessing = 0;
		};
/* End PBXSourcesBuildPhase section */

/* Begin PBXTargetDependency section */
		6E560BA9206ADD6B00EAE3E7 /* PBXTargetDependency */ = {
			isa = PBXTargetDependency;
			target = 6E560B91206ADC1600EAE3E7 /* hcitool */;
			targetProxy = 6E560BA8206ADD6B00EAE3E7 /* PBXContainerItemProxy */;
		};
		6E560BFB206B004400EAE3E7 /* PBXTargetDependency */ = {
			isa = PBXTargetDependency;
			target = 6E560B91206ADC1600EAE3E7 /* hcitool */;
			targetProxy = 6E560BFA206B004400EAE3E7 /* PBXContainerItemProxy */;
		};
/* End PBXTargetDependency section */

/* Begin XCBuildConfiguration section */
		6E560B97206ADC1600EAE3E7 /* Debug */ = {
			isa = XCBuildConfiguration;
			buildSettings = {
				ALWAYS_SEARCH_USER_PATHS = NO;
				CLANG_ANALYZER_NONNULL = YES;
				CLANG_ANALYZER_NUMBER_OBJECT_CONVERSION = YES_AGGRESSIVE;
				CLANG_CXX_LANGUAGE_STANDARD = "gnu++14";
				CLANG_CXX_LIBRARY = "libc++";
				CLANG_ENABLE_MODULES = YES;
				CLANG_ENABLE_OBJC_ARC = YES;
				CLANG_WARN_BLOCK_CAPTURE_AUTORELEASING = YES;
				CLANG_WARN_BOOL_CONVERSION = YES;
				CLANG_WARN_COMMA = YES;
				CLANG_WARN_CONSTANT_CONVERSION = YES;
				CLANG_WARN_DEPRECATED_OBJC_IMPLEMENTATIONS = YES;
				CLANG_WARN_DIRECT_OBJC_ISA_USAGE = YES_ERROR;
				CLANG_WARN_DOCUMENTATION_COMMENTS = YES;
				CLANG_WARN_EMPTY_BODY = YES;
				CLANG_WARN_ENUM_CONVERSION = YES;
				CLANG_WARN_INFINITE_RECURSION = YES;
				CLANG_WARN_INT_CONVERSION = YES;
				CLANG_WARN_NON_LITERAL_NULL_CONVERSION = YES;
				CLANG_WARN_OBJC_IMPLICIT_RETAIN_SELF = YES;
				CLANG_WARN_OBJC_LITERAL_CONVERSION = YES;
				CLANG_WARN_OBJC_ROOT_CLASS = YES_ERROR;
				CLANG_WARN_RANGE_LOOP_ANALYSIS = YES;
				CLANG_WARN_STRICT_PROTOTYPES = YES;
				CLANG_WARN_SUSPICIOUS_MOVE = YES;
				CLANG_WARN_UNGUARDED_AVAILABILITY = YES_AGGRESSIVE;
				CLANG_WARN_UNREACHABLE_CODE = YES;
				CLANG_WARN__DUPLICATE_METHOD_MATCH = YES;
				CODE_SIGN_IDENTITY = "-";
				COPY_PHASE_STRIP = NO;
				DEBUG_INFORMATION_FORMAT = dwarf;
				ENABLE_STRICT_OBJC_MSGSEND = YES;
				ENABLE_TESTABILITY = YES;
				GCC_C_LANGUAGE_STANDARD = gnu11;
				GCC_DYNAMIC_NO_PIC = NO;
				GCC_NO_COMMON_BLOCKS = YES;
				GCC_OPTIMIZATION_LEVEL = 0;
				GCC_PREPROCESSOR_DEFINITIONS = (
					"DEBUG=1",
					"$(inherited)",
				);
				GCC_WARN_64_TO_32_BIT_CONVERSION = YES;
				GCC_WARN_ABOUT_RETURN_TYPE = YES_ERROR;
				GCC_WARN_UNDECLARED_SELECTOR = YES;
				GCC_WARN_UNINITIALIZED_AUTOS = YES_AGGRESSIVE;
				GCC_WARN_UNUSED_FUNCTION = YES;
				GCC_WARN_UNUSED_VARIABLE = YES;
				MACOSX_DEPLOYMENT_TARGET = 10.13;
				MTL_ENABLE_DEBUG_INFO = YES;
				ONLY_ACTIVE_ARCH = YES;
				OTHER_SWIFT_FLAGS = "$(inherited) -DXcode -Xcc -fmodule-map-file=$(SRCROOT)/../Carthage/Checkouts/BluetoothDarwin/Sources/CBluetoothDarwin/include/module.modulemap";
				SDKROOT = macosx;
				SWIFT_ACTIVE_COMPILATION_CONDITIONS = DEBUG;
				SWIFT_OPTIMIZATION_LEVEL = "-Onone";
				SWIFT_VERSION = 3.0;
			};
			name = Debug;
		};
		6E560B98206ADC1600EAE3E7 /* Release */ = {
			isa = XCBuildConfiguration;
			buildSettings = {
				ALWAYS_SEARCH_USER_PATHS = NO;
				CLANG_ANALYZER_NONNULL = YES;
				CLANG_ANALYZER_NUMBER_OBJECT_CONVERSION = YES_AGGRESSIVE;
				CLANG_CXX_LANGUAGE_STANDARD = "gnu++14";
				CLANG_CXX_LIBRARY = "libc++";
				CLANG_ENABLE_MODULES = YES;
				CLANG_ENABLE_OBJC_ARC = YES;
				CLANG_WARN_BLOCK_CAPTURE_AUTORELEASING = YES;
				CLANG_WARN_BOOL_CONVERSION = YES;
				CLANG_WARN_COMMA = YES;
				CLANG_WARN_CONSTANT_CONVERSION = YES;
				CLANG_WARN_DEPRECATED_OBJC_IMPLEMENTATIONS = YES;
				CLANG_WARN_DIRECT_OBJC_ISA_USAGE = YES_ERROR;
				CLANG_WARN_DOCUMENTATION_COMMENTS = YES;
				CLANG_WARN_EMPTY_BODY = YES;
				CLANG_WARN_ENUM_CONVERSION = YES;
				CLANG_WARN_INFINITE_RECURSION = YES;
				CLANG_WARN_INT_CONVERSION = YES;
				CLANG_WARN_NON_LITERAL_NULL_CONVERSION = YES;
				CLANG_WARN_OBJC_IMPLICIT_RETAIN_SELF = YES;
				CLANG_WARN_OBJC_LITERAL_CONVERSION = YES;
				CLANG_WARN_OBJC_ROOT_CLASS = YES_ERROR;
				CLANG_WARN_RANGE_LOOP_ANALYSIS = YES;
				CLANG_WARN_STRICT_PROTOTYPES = YES;
				CLANG_WARN_SUSPICIOUS_MOVE = YES;
				CLANG_WARN_UNGUARDED_AVAILABILITY = YES_AGGRESSIVE;
				CLANG_WARN_UNREACHABLE_CODE = YES;
				CLANG_WARN__DUPLICATE_METHOD_MATCH = YES;
				CODE_SIGN_IDENTITY = "-";
				COPY_PHASE_STRIP = NO;
				DEBUG_INFORMATION_FORMAT = "dwarf-with-dsym";
				ENABLE_NS_ASSERTIONS = NO;
				ENABLE_STRICT_OBJC_MSGSEND = YES;
				GCC_C_LANGUAGE_STANDARD = gnu11;
				GCC_NO_COMMON_BLOCKS = YES;
				GCC_WARN_64_TO_32_BIT_CONVERSION = YES;
				GCC_WARN_ABOUT_RETURN_TYPE = YES_ERROR;
				GCC_WARN_UNDECLARED_SELECTOR = YES;
				GCC_WARN_UNINITIALIZED_AUTOS = YES_AGGRESSIVE;
				GCC_WARN_UNUSED_FUNCTION = YES;
				GCC_WARN_UNUSED_VARIABLE = YES;
				MACOSX_DEPLOYMENT_TARGET = 10.13;
				MTL_ENABLE_DEBUG_INFO = NO;
				OTHER_SWIFT_FLAGS = "$(inherited) -DXcode -Xcc -fmodule-map-file=$(SRCROOT)/../Carthage/Checkouts/BluetoothDarwin/Sources/CBluetoothDarwin/include/module.modulemap";
				SDKROOT = macosx;
				SWIFT_OPTIMIZATION_LEVEL = "-Owholemodule";
				SWIFT_VERSION = 3.0;
			};
			name = Release;
		};
		6E560B9A206ADC1600EAE3E7 /* Debug */ = {
			isa = XCBuildConfiguration;
			buildSettings = {
				CODE_SIGN_STYLE = Automatic;
				FRAMEWORK_SEARCH_PATHS = $SRCROOT/../Carthage/Build/Mac;
				LD_RUNPATH_SEARCH_PATHS = "$(inherited) @executable_path/../Frameworks @executable_path/$(PRODUCT_NAME).bundle/Contents/Frameworks";
				PRODUCT_NAME = "$(PROJECT_NAME)";
				SWIFT_FORCE_DYNAMIC_LINK_STDLIB = YES;
				SWIFT_FORCE_STATIC_LINK_STDLIB = NO;
			};
			name = Debug;
		};
		6E560B9B206ADC1600EAE3E7 /* Release */ = {
			isa = XCBuildConfiguration;
			buildSettings = {
				CODE_SIGN_STYLE = Automatic;
				FRAMEWORK_SEARCH_PATHS = $SRCROOT/../Carthage/Build/Mac;
				LD_RUNPATH_SEARCH_PATHS = "$(inherited) @executable_path/../Frameworks @executable_path/$(PRODUCT_NAME).bundle/Contents/Frameworks";
				PRODUCT_NAME = "$(PROJECT_NAME)";
				SWIFT_FORCE_DYNAMIC_LINK_STDLIB = YES;
				SWIFT_FORCE_STATIC_LINK_STDLIB = NO;
			};
			name = Release;
		};
		6E560BA4206ADCCC00EAE3E7 /* Debug */ = {
			isa = XCBuildConfiguration;
			buildSettings = {
				ALWAYS_EMBED_SWIFT_STANDARD_LIBRARIES = YES;
				CODE_SIGN_STYLE = Automatic;
				COMBINE_HIDPI_IMAGES = YES;
				INFOPLIST_FILE = hcitoolBundle/Info.plist;
				INSTALL_PATH = "$(LOCAL_LIBRARY_DIR)/Bundles";
				PRODUCT_BUNDLE_IDENTIFIER = com.pureswift.hcitoolBundle;
				PRODUCT_NAME = "$(PROJECT_NAME)";
				SKIP_INSTALL = YES;
				WRAPPER_EXTENSION = bundle;
			};
			name = Debug;
		};
		6E560BA5206ADCCC00EAE3E7 /* Release */ = {
			isa = XCBuildConfiguration;
			buildSettings = {
				ALWAYS_EMBED_SWIFT_STANDARD_LIBRARIES = YES;
				CODE_SIGN_STYLE = Automatic;
				COMBINE_HIDPI_IMAGES = YES;
				INFOPLIST_FILE = hcitoolBundle/Info.plist;
				INSTALL_PATH = "$(LOCAL_LIBRARY_DIR)/Bundles";
				PRODUCT_BUNDLE_IDENTIFIER = com.pureswift.hcitoolBundle;
				PRODUCT_NAME = "$(PROJECT_NAME)";
				SKIP_INSTALL = YES;
				WRAPPER_EXTENSION = bundle;
			};
			name = Release;
		};
		6E560BF1206AFFC200EAE3E7 /* Debug */ = {
			isa = XCBuildConfiguration;
			buildSettings = {
				CODE_SIGN_STYLE = Automatic;
				COMBINE_HIDPI_IMAGES = YES;
				FRAMEWORK_SEARCH_PATHS = $SRCROOT/../Carthage/Build/Mac;
				INFOPLIST_FILE = HCIToolTests/Info.plist;
				LD_RUNPATH_SEARCH_PATHS = "$(inherited) @executable_path/../Frameworks @loader_path/../Frameworks $FRAMEWORK_SEARCH_PATHS";
				PRODUCT_BUNDLE_IDENTIFIER = com.pureswift.HCIToolTests;
				PRODUCT_NAME = "$(TARGET_NAME)";
				SWIFT_VERSION = 4.0;
			};
			name = Debug;
		};
		6E560BF2206AFFC200EAE3E7 /* Release */ = {
			isa = XCBuildConfiguration;
			buildSettings = {
				CODE_SIGN_STYLE = Automatic;
				COMBINE_HIDPI_IMAGES = YES;
				FRAMEWORK_SEARCH_PATHS = $SRCROOT/../Carthage/Build/Mac;
				INFOPLIST_FILE = HCIToolTests/Info.plist;
				LD_RUNPATH_SEARCH_PATHS = "$(inherited) @executable_path/../Frameworks @loader_path/../Frameworks $FRAMEWORK_SEARCH_PATHS";
				PRODUCT_BUNDLE_IDENTIFIER = com.pureswift.HCIToolTests;
				PRODUCT_NAME = "$(TARGET_NAME)";
				SWIFT_VERSION = 4.0;
			};
			name = Release;
		};
/* End XCBuildConfiguration section */

/* Begin XCConfigurationList section */
		6E560B8D206ADC1600EAE3E7 /* Build configuration list for PBXProject "hcitool" */ = {
			isa = XCConfigurationList;
			buildConfigurations = (
				6E560B97206ADC1600EAE3E7 /* Debug */,
				6E560B98206ADC1600EAE3E7 /* Release */,
			);
			defaultConfigurationIsVisible = 0;
			defaultConfigurationName = Release;
		};
		6E560B99206ADC1600EAE3E7 /* Build configuration list for PBXNativeTarget "hcitool" */ = {
			isa = XCConfigurationList;
			buildConfigurations = (
				6E560B9A206ADC1600EAE3E7 /* Debug */,
				6E560B9B206ADC1600EAE3E7 /* Release */,
			);
			defaultConfigurationIsVisible = 0;
			defaultConfigurationName = Release;
		};
		6E560BA3206ADCCC00EAE3E7 /* Build configuration list for PBXNativeTarget "hcitoolBundle" */ = {
			isa = XCConfigurationList;
			buildConfigurations = (
				6E560BA4206ADCCC00EAE3E7 /* Debug */,
				6E560BA5206ADCCC00EAE3E7 /* Release */,
			);
			defaultConfigurationIsVisible = 0;
			defaultConfigurationName = Release;
		};
		6E560BF0206AFFC200EAE3E7 /* Build configuration list for PBXNativeTarget "HCIToolTests" */ = {
			isa = XCConfigurationList;
			buildConfigurations = (
				6E560BF1206AFFC200EAE3E7 /* Debug */,
				6E560BF2206AFFC200EAE3E7 /* Release */,
			);
			defaultConfigurationIsVisible = 0;
			defaultConfigurationName = Release;
		};
/* End XCConfigurationList section */
	};
	rootObject = 6E560B8A206ADC1600EAE3E7 /* Project object */;
}
