{
  "object": {
    "pins": [
      {
        "package": "Bluetooth",
        "repositoryURL": "https://github.com/PureSwift/Bluetooth.git",
        "state": {
          "branch": null,
          "revision": "8dc48df9cafe80cd97aadc5fd5dca0b18571d0f2",
          "version": "2.5.2"
        }
      },
      {
        "package": "BluetoothDarwin",
        "repositoryURL": "https://github.com/PureSwift/BluetoothDarwin.git",
        "state": {
          "branch": "master",
          "revision": "6c9d7885dbc9ffbc67f48b197ea05444425e3eda",
          "version": null
        }
      }
    ]
  },
  "version": 1
}
