// !$*UTF8*$!
{
	archiveVersion = 1;
	classes = {
	};
	objectVersion = 46;
	objects = {

/* Begin PBXBuildFile section */
		OBJ_125 /* BackgroundColor.swift in Sources */ = {isa = PBXBuildFile; fileRef = OBJ_102 /* BackgroundColor.swift */; };
		OBJ_126 /* CodesParser.swift in Sources */ = {isa = PBXBuildFile; fileRef = OBJ_103 /* CodesParser.swift */; };
		OBJ_127 /* Color.swift in Sources */ = {isa = PBXBuildFile; fileRef = OBJ_104 /* Color.swift */; };
		OBJ_128 /* ControlCode.swift in Sources */ = {isa = PBXBuildFile; fileRef = OBJ_105 /* ControlCode.swift */; };
		OBJ_129 /* ModesExtractor.swift in Sources */ = {isa = PBXBuildFile; fileRef = OBJ_106 /* ModesExtractor.swift */; };
		OBJ_130 /* OutputTarget.swift in Sources */ = {isa = PBXBuildFile; fileRef = OBJ_107 /* OutputTarget.swift */; };
		OBJ_131 /* Rainbow.swift in Sources */ = {isa = PBXBuildFile; fileRef = OBJ_108 /* Rainbow.swift */; };
		OBJ_132 /* String+Rainbow.swift in Sources */ = {isa = PBXBuildFile; fileRef = OBJ_109 /* String+Rainbow.swift */; };
		OBJ_133 /* StringGenerator.swift in Sources */ = {isa = PBXBuildFile; fileRef = OBJ_110 /* StringGenerator.swift */; };
		OBJ_134 /* Style.swift in Sources */ = {isa = PBXBuildFile; fileRef = OBJ_111 /* Style.swift */; };
		OBJ_135 /* XcodeColorsSupport.swift in Sources */ = {isa = PBXBuildFile; fileRef = OBJ_112 /* XcodeColorsSupport.swift */; };
		OBJ_142 /* Address.swift in Sources */ = {isa = PBXBuildFile; fileRef = OBJ_46 /* Address.swift */; };
		OBJ_143 /* AdvertisingChannelHeader.swift in Sources */ = {isa = PBXBuildFile; fileRef = OBJ_47 /* AdvertisingChannelHeader.swift */; };
		OBJ_144 /* ATT.swift in Sources */ = {isa = PBXBuildFile; fileRef = OBJ_48 /* ATT.swift */; };
		OBJ_145 /* ATTConnection.swift in Sources */ = {isa = PBXBuildFile; fileRef = OBJ_49 /* ATTConnection.swift */; };
		OBJ_146 /* ATTProtocolDataUnit.swift in Sources */ = {isa = PBXBuildFile; fileRef = OBJ_50 /* ATTProtocolDataUnit.swift */; };
		OBJ_147 /* BitMaskOption.swift in Sources */ = {isa = PBXBuildFile; fileRef = OBJ_51 /* BitMaskOption.swift */; };
		OBJ_148 /* BluetoothHostController.swift in Sources */ = {isa = PBXBuildFile; fileRef = OBJ_52 /* BluetoothHostController.swift */; };
		OBJ_149 /* BluetoothUUID.swift in Sources */ = {isa = PBXBuildFile; fileRef = OBJ_53 /* BluetoothUUID.swift */; };
		OBJ_150 /* ByteValue.swift in Sources */ = {isa = PBXBuildFile; fileRef = OBJ_54 /* ByteValue.swift */; };
		OBJ_151 /* CompanyIdentifier.swift in Sources */ = {isa = PBXBuildFile; fileRef = OBJ_55 /* CompanyIdentifier.swift */; };
		OBJ_152 /* DefinedUUID.swift in Sources */ = {isa = PBXBuildFile; fileRef = OBJ_56 /* DefinedUUID.swift */; };
		OBJ_153 /* GATT.swift in Sources */ = {isa = PBXBuildFile; fileRef = OBJ_57 /* GATT.swift */; };
		OBJ_154 /* GATTAttributes.swift in Sources */ = {isa = PBXBuildFile; fileRef = OBJ_58 /* GATTAttributes.swift */; };
		OBJ_155 /* GATTClient.swift in Sources */ = {isa = PBXBuildFile; fileRef = OBJ_59 /* GATTClient.swift */; };
		OBJ_156 /* GATTDatabase.swift in Sources */ = {isa = PBXBuildFile; fileRef = OBJ_60 /* GATTDatabase.swift */; };
		OBJ_157 /* GATTServer.swift in Sources */ = {isa = PBXBuildFile; fileRef = OBJ_61 /* GATTServer.swift */; };
		OBJ_158 /* HCI.swift in Sources */ = {isa = PBXBuildFile; fileRef = OBJ_62 /* HCI.swift */; };
		OBJ_159 /* HCICommand.swift in Sources */ = {isa = PBXBuildFile; fileRef = OBJ_63 /* HCICommand.swift */; };
		OBJ_160 /* HCIError.swift in Sources */ = {isa = PBXBuildFile; fileRef = OBJ_64 /* HCIError.swift */; };
		OBJ_161 /* HCIEvent.swift in Sources */ = {isa = PBXBuildFile; fileRef = OBJ_65 /* HCIEvent.swift */; };
		OBJ_162 /* HCIGeneralEvent.swift in Sources */ = {isa = PBXBuildFile; fileRef = OBJ_66 /* HCIGeneralEvent.swift */; };
		OBJ_163 /* HCIGeneralEventParameter.swift in Sources */ = {isa = PBXBuildFile; fileRef = OBJ_67 /* HCIGeneralEventParameter.swift */; };
		OBJ_164 /* HCIPacketHeader.swift in Sources */ = {isa = PBXBuildFile; fileRef = OBJ_68 /* HCIPacketHeader.swift */; };
		OBJ_165 /* HCIVersion.swift in Sources */ = {isa = PBXBuildFile; fileRef = OBJ_69 /* HCIVersion.swift */; };
		OBJ_166 /* Hexadecimal.swift in Sources */ = {isa = PBXBuildFile; fileRef = OBJ_70 /* Hexadecimal.swift */; };
		OBJ_167 /* HostControllerBasebandCommand.swift in Sources */ = {isa = PBXBuildFile; fileRef = OBJ_71 /* HostControllerBasebandCommand.swift */; };
		OBJ_168 /* HostControllerBasebandCommandParameter.swift in Sources */ = {isa = PBXBuildFile; fileRef = OBJ_72 /* HostControllerBasebandCommandParameter.swift */; };
		OBJ_169 /* HostControllerLocalName.swift in Sources */ = {isa = PBXBuildFile; fileRef = OBJ_73 /* HostControllerLocalName.swift */; };
		OBJ_170 /* iBeacon.swift in Sources */ = {isa = PBXBuildFile; fileRef = OBJ_74 /* iBeacon.swift */; };
		OBJ_171 /* InformationalParametersCommand.swift in Sources */ = {isa = PBXBuildFile; fileRef = OBJ_75 /* InformationalParametersCommand.swift */; };
		OBJ_172 /* Integer.swift in Sources */ = {isa = PBXBuildFile; fileRef = OBJ_76 /* Integer.swift */; };
		OBJ_173 /* L2CAPSocket.swift in Sources */ = {isa = PBXBuildFile; fileRef = OBJ_77 /* L2CAPSocket.swift */; };
		OBJ_174 /* LinkControlCommand.swift in Sources */ = {isa = PBXBuildFile; fileRef = OBJ_78 /* LinkControlCommand.swift */; };
		OBJ_175 /* LinkControlCommandParameter.swift in Sources */ = {isa = PBXBuildFile; fileRef = OBJ_79 /* LinkControlCommandParameter.swift */; };
		OBJ_176 /* LinkPolicyCommand.swift in Sources */ = {isa = PBXBuildFile; fileRef = OBJ_80 /* LinkPolicyCommand.swift */; };
		OBJ_177 /* LinkPolicyCommandParameter.swift in Sources */ = {isa = PBXBuildFile; fileRef = OBJ_81 /* LinkPolicyCommandParameter.swift */; };
		OBJ_178 /* LowEnergyAddressType.swift in Sources */ = {isa = PBXBuildFile; fileRef = OBJ_82 /* LowEnergyAddressType.swift */; };
		OBJ_179 /* LowEnergyAdvertising.swift in Sources */ = {isa = PBXBuildFile; fileRef = OBJ_83 /* LowEnergyAdvertising.swift */; };
		OBJ_180 /* LowEnergyCommand.swift in Sources */ = {isa = PBXBuildFile; fileRef = OBJ_84 /* LowEnergyCommand.swift */; };
		OBJ_181 /* LowEnergyCommandParameter.swift in Sources */ = {isa = PBXBuildFile; fileRef = OBJ_85 /* LowEnergyCommandParameter.swift */; };
		OBJ_182 /* LowEnergyConnection.swift in Sources */ = {isa = PBXBuildFile; fileRef = OBJ_86 /* LowEnergyConnection.swift */; };
		OBJ_183 /* LowEnergyEvent.swift in Sources */ = {isa = PBXBuildFile; fileRef = OBJ_87 /* LowEnergyEvent.swift */; };
		OBJ_184 /* LowEnergyEventParameter.swift in Sources */ = {isa = PBXBuildFile; fileRef = OBJ_88 /* LowEnergyEventParameter.swift */; };
		OBJ_185 /* LowEnergyScan.swift in Sources */ = {isa = PBXBuildFile; fileRef = OBJ_89 /* LowEnergyScan.swift */; };
		OBJ_186 /* LowEnergyWhiteList.swift in Sources */ = {isa = PBXBuildFile; fileRef = OBJ_90 /* LowEnergyWhiteList.swift */; };
		OBJ_187 /* POSIXError.swift in Sources */ = {isa = PBXBuildFile; fileRef = OBJ_91 /* POSIXError.swift */; };
		OBJ_188 /* ProtocolServiceMultiplexer.swift in Sources */ = {isa = PBXBuildFile; fileRef = OBJ_92 /* ProtocolServiceMultiplexer.swift */; };
		OBJ_189 /* Range.swift in Sources */ = {isa = PBXBuildFile; fileRef = OBJ_93 /* Range.swift */; };
		OBJ_190 /* SecurityLevel.swift in Sources */ = {isa = PBXBuildFile; fileRef = OBJ_94 /* SecurityLevel.swift */; };
		OBJ_191 /* StatusParametersCommand.swift in Sources */ = {isa = PBXBuildFile; fileRef = OBJ_95 /* StatusParametersCommand.swift */; };
		OBJ_192 /* String.swift in Sources */ = {isa = PBXBuildFile; fileRef = OBJ_96 /* String.swift */; };
		OBJ_193 /* TestingCommand.swift in Sources */ = {isa = PBXBuildFile; fileRef = OBJ_97 /* TestingCommand.swift */; };
		OBJ_194 /* UInt128.swift in Sources */ = {isa = PBXBuildFile; fileRef = OBJ_98 /* UInt128.swift */; };
		OBJ_195 /* UUID.swift in Sources */ = {isa = PBXBuildFile; fileRef = OBJ_99 /* UUID.swift */; };
		OBJ_196 /* VendorCommand.swift in Sources */ = {isa = PBXBuildFile; fileRef = OBJ_100 /* VendorCommand.swift */; };
		OBJ_203 /* AddressType.swift in Sources */ = {isa = PBXBuildFile; fileRef = OBJ_19 /* AddressType.swift */; };
		OBJ_204 /* BluetoothProtocol.swift in Sources */ = {isa = PBXBuildFile; fileRef = OBJ_20 /* BluetoothProtocol.swift */; };
		OBJ_205 /* Darwin.swift in Sources */ = {isa = PBXBuildFile; fileRef = OBJ_21 /* Darwin.swift */; };
		OBJ_206 /* DeviceCommand.swift in Sources */ = {isa = PBXBuildFile; fileRef = OBJ_22 /* DeviceCommand.swift */; };
		OBJ_207 /* DevicePollEvent.swift in Sources */ = {isa = PBXBuildFile; fileRef = OBJ_23 /* DevicePollEvent.swift */; };
		OBJ_208 /* DeviceRequest.swift in Sources */ = {isa = PBXBuildFile; fileRef = OBJ_24 /* DeviceRequest.swift */; };
		OBJ_209 /* HCI.swift in Sources */ = {isa = PBXBuildFile; fileRef = OBJ_25 /* HCI.swift */; };
		OBJ_210 /* HostController.swift in Sources */ = {isa = PBXBuildFile; fileRef = OBJ_26 /* HostController.swift */; };
		OBJ_211 /* IOCTL.swift in Sources */ = {isa = PBXBuildFile; fileRef = OBJ_27 /* IOCTL.swift */; };
		OBJ_212 /* L2CAP.swift in Sources */ = {isa = PBXBuildFile; fileRef = OBJ_28 /* L2CAP.swift */; };
		OBJ_213 /* LinkMode.swift in Sources */ = {isa = PBXBuildFile; fileRef = OBJ_29 /* LinkMode.swift */; };
		OBJ_214 /* Scan.swift in Sources */ = {isa = PBXBuildFile; fileRef = OBJ_30 /* Scan.swift */; };
		OBJ_216 /* Bluetooth.framework in Frameworks */ = {isa = PBXBuildFile; fileRef = OBJ_115 /* Bluetooth.framework */; };
		OBJ_217 /* CSwiftBluetoothLinux.framework in Frameworks */ = {isa = PBXBuildFile; fileRef = OBJ_118 /* CSwiftBluetoothLinux.framework */; };
		OBJ_227 /* dummy.c in Sources */ = {isa = PBXBuildFile; fileRef = OBJ_32 /* dummy.c */; };
		OBJ_229 /* Bluetooth.framework in Frameworks */ = {isa = PBXBuildFile; fileRef = OBJ_115 /* Bluetooth.framework */; };
		OBJ_236 /* dummy.c in Sources */ = {isa = PBXBuildFile; fileRef = OBJ_41 /* dummy.c */; };
		OBJ_238 /* Bluetooth.framework in Frameworks */ = {isa = PBXBuildFile; fileRef = OBJ_115 /* Bluetooth.framework */; };
		OBJ_245 /* Command.swift in Sources */ = {isa = PBXBuildFile; fileRef = OBJ_9 /* Command.swift */; };
		OBJ_246 /* CommandLine.swift in Sources */ = {isa = PBXBuildFile; fileRef = OBJ_10 /* CommandLine.swift */; };
		OBJ_247 /* LEScan.swift in Sources */ = {isa = PBXBuildFile; fileRef = OBJ_11 /* LEScan.swift */; };
		OBJ_248 /* main.swift in Sources */ = {isa = PBXBuildFile; fileRef = OBJ_12 /* main.swift */; };
		OBJ_249 /* Option.swift in Sources */ = {isa = PBXBuildFile; fileRef = OBJ_13 /* Option.swift */; };
		OBJ_250 /* StringExtensions.swift in Sources */ = {isa = PBXBuildFile; fileRef = OBJ_14 /* StringExtensions.swift */; };
		OBJ_252 /* Rainbow.framework in Frameworks */ = {isa = PBXBuildFile; fileRef = OBJ_114 /* Rainbow.framework */; };
		OBJ_253 /* Bluetooth.framework in Frameworks */ = {isa = PBXBuildFile; fileRef = OBJ_115 /* Bluetooth.framework */; };
		OBJ_254 /* CSwiftBluetoothLinux.framework in Frameworks */ = {isa = PBXBuildFile; fileRef = OBJ_118 /* CSwiftBluetoothLinux.framework */; };
		OBJ_255 /* BluetoothLinux.framework in Frameworks */ = {isa = PBXBuildFile; fileRef = OBJ_116 /* BluetoothLinux.framework */; };
		OBJ_256 /* CSwiftBluetoothLinuxTest.framework in Frameworks */ = {isa = PBXBuildFile; fileRef = OBJ_117 /* CSwiftBluetoothLinuxTest.framework */; };
/* End PBXBuildFile section */

/* Begin PBXContainerItemProxy section */
		6E560B80206AC7E700EAE3E7 /* PBXContainerItemProxy */ = {
			isa = PBXContainerItemProxy;
			containerPortal = OBJ_1 /* Project object */;
			proxyType = 1;
			remoteGlobalIDString = OBJ_120;
			remoteInfo = Rainbow;
		};
		6E560B81206AC7E700EAE3E7 /* PBXContainerItemProxy */ = {
			isa = PBXContainerItemProxy;
			containerPortal = OBJ_1 /* Project object */;
			proxyType = 1;
			remoteGlobalIDString = OBJ_137;
			remoteInfo = Bluetooth;
		};
		6E560B82206AC7E700EAE3E7 /* PBXContainerItemProxy */ = {
			isa = PBXContainerItemProxy;
			containerPortal = OBJ_1 /* Project object */;
			proxyType = 1;
			remoteGlobalIDString = OBJ_220;
			remoteInfo = CSwiftBluetoothLinux;
		};
		6E560B83206AC7E700EAE3E7 /* PBXContainerItemProxy */ = {
			isa = PBXContainerItemProxy;
			containerPortal = OBJ_1 /* Project object */;
			proxyType = 1;
			remoteGlobalIDString = OBJ_137;
			remoteInfo = Bluetooth;
		};
		6E560B84206AC7E700EAE3E7 /* PBXContainerItemProxy */ = {
			isa = PBXContainerItemProxy;
			containerPortal = OBJ_1 /* Project object */;
			proxyType = 1;
			remoteGlobalIDString = OBJ_198;
			remoteInfo = BluetoothLinux;
		};
		6E560B85206AC7E700EAE3E7 /* PBXContainerItemProxy */ = {
			isa = PBXContainerItemProxy;
			containerPortal = OBJ_1 /* Project object */;
			proxyType = 1;
			remoteGlobalIDString = OBJ_137;
			remoteInfo = Bluetooth;
		};
		6E560B86206AC7E700EAE3E7 /* PBXContainerItemProxy */ = {
			isa = PBXContainerItemProxy;
			containerPortal = OBJ_1 /* Project object */;
			proxyType = 1;
			remoteGlobalIDString = OBJ_220;
			remoteInfo = CSwiftBluetoothLinux;
		};
		6E560B87206AC7E700EAE3E7 /* PBXContainerItemProxy */ = {
			isa = PBXContainerItemProxy;
			containerPortal = OBJ_1 /* Project object */;
			proxyType = 1;
			remoteGlobalIDString = OBJ_221;
			remoteInfo = CSwiftBluetoothLinuxTest;
		};
		6E560B88206AC7E700EAE3E7 /* PBXContainerItemProxy */ = {
			isa = PBXContainerItemProxy;
			containerPortal = OBJ_1 /* Project object */;
			proxyType = 1;
			remoteGlobalIDString = OBJ_137;
			remoteInfo = Bluetooth;
		};
/* End PBXContainerItemProxy section */

/* Begin PBXFileReference section */
		OBJ_10 /* CommandLine.swift */ = {isa = PBXFileReference; lastKnownFileType = sourcecode.swift; path = CommandLine.swift; sourceTree = "<group>"; };
		OBJ_100 /* VendorCommand.swift */ = {isa = PBXFileReference; lastKnownFileType = sourcecode.swift; path = VendorCommand.swift; sourceTree = "<group>"; };
		OBJ_102 /* BackgroundColor.swift */ = {isa = PBXFileReference; lastKnownFileType = sourcecode.swift; path = BackgroundColor.swift; sourceTree = "<group>"; };
		OBJ_103 /* CodesParser.swift */ = {isa = PBXFileReference; lastKnownFileType = sourcecode.swift; path = CodesParser.swift; sourceTree = "<group>"; };
		OBJ_104 /* Color.swift */ = {isa = PBXFileReference; lastKnownFileType = sourcecode.swift; path = Color.swift; sourceTree = "<group>"; };
		OBJ_105 /* ControlCode.swift */ = {isa = PBXFileReference; lastKnownFileType = sourcecode.swift; path = ControlCode.swift; sourceTree = "<group>"; };
		OBJ_106 /* ModesExtractor.swift */ = {isa = PBXFileReference; lastKnownFileType = sourcecode.swift; path = ModesExtractor.swift; sourceTree = "<group>"; };
		OBJ_107 /* OutputTarget.swift */ = {isa = PBXFileReference; lastKnownFileType = sourcecode.swift; path = OutputTarget.swift; sourceTree = "<group>"; };
		OBJ_108 /* Rainbow.swift */ = {isa = PBXFileReference; lastKnownFileType = sourcecode.swift; path = Rainbow.swift; sourceTree = "<group>"; };
		OBJ_109 /* String+Rainbow.swift */ = {isa = PBXFileReference; lastKnownFileType = sourcecode.swift; path = "String+Rainbow.swift"; sourceTree = "<group>"; };
		OBJ_11 /* LEScan.swift */ = {isa = PBXFileReference; lastKnownFileType = sourcecode.swift; path = LEScan.swift; sourceTree = "<group>"; };
		OBJ_110 /* StringGenerator.swift */ = {isa = PBXFileReference; lastKnownFileType = sourcecode.swift; path = StringGenerator.swift; sourceTree = "<group>"; };
		OBJ_111 /* Style.swift */ = {isa = PBXFileReference; lastKnownFileType = sourcecode.swift; path = Style.swift; sourceTree = "<group>"; };
		OBJ_112 /* XcodeColorsSupport.swift */ = {isa = PBXFileReference; lastKnownFileType = sourcecode.swift; path = XcodeColorsSupport.swift; sourceTree = "<group>"; };
		OBJ_114 /* Rainbow.framework */ = {isa = PBXFileReference; explicitFileType = wrapper.framework; path = Rainbow.framework; sourceTree = BUILT_PRODUCTS_DIR; };
		OBJ_115 /* Bluetooth.framework */ = {isa = PBXFileReference; explicitFileType = wrapper.framework; path = Bluetooth.framework; sourceTree = BUILT_PRODUCTS_DIR; };
		OBJ_116 /* BluetoothLinux.framework */ = {isa = PBXFileReference; explicitFileType = wrapper.framework; path = BluetoothLinux.framework; sourceTree = BUILT_PRODUCTS_DIR; };
		OBJ_117 /* CSwiftBluetoothLinuxTest.framework */ = {isa = PBXFileReference; explicitFileType = wrapper.framework; path = CSwiftBluetoothLinuxTest.framework; sourceTree = BUILT_PRODUCTS_DIR; };
		OBJ_118 /* CSwiftBluetoothLinux.framework */ = {isa = PBXFileReference; explicitFileType = wrapper.framework; path = CSwiftBluetoothLinux.framework; sourceTree = BUILT_PRODUCTS_DIR; };
		OBJ_119 /* hcitool */ = {isa = PBXFileReference; lastKnownFileType = text; path = hcitool; sourceTree = BUILT_PRODUCTS_DIR; };
		OBJ_12 /* main.swift */ = {isa = PBXFileReference; lastKnownFileType = sourcecode.swift; path = main.swift; sourceTree = "<group>"; };
		OBJ_13 /* Option.swift */ = {isa = PBXFileReference; lastKnownFileType = sourcecode.swift; path = Option.swift; sourceTree = "<group>"; };
		OBJ_14 /* StringExtensions.swift */ = {isa = PBXFileReference; lastKnownFileType = sourcecode.swift; path = StringExtensions.swift; sourceTree = "<group>"; };
		OBJ_19 /* AddressType.swift */ = {isa = PBXFileReference; lastKnownFileType = sourcecode.swift; path = AddressType.swift; sourceTree = "<group>"; };
		OBJ_20 /* BluetoothProtocol.swift */ = {isa = PBXFileReference; lastKnownFileType = sourcecode.swift; path = BluetoothProtocol.swift; sourceTree = "<group>"; };
		OBJ_21 /* Darwin.swift */ = {isa = PBXFileReference; lastKnownFileType = sourcecode.swift; path = Darwin.swift; sourceTree = "<group>"; };
		OBJ_22 /* DeviceCommand.swift */ = {isa = PBXFileReference; lastKnownFileType = sourcecode.swift; path = DeviceCommand.swift; sourceTree = "<group>"; };
		OBJ_23 /* DevicePollEvent.swift */ = {isa = PBXFileReference; lastKnownFileType = sourcecode.swift; path = DevicePollEvent.swift; sourceTree = "<group>"; };
		OBJ_24 /* DeviceRequest.swift */ = {isa = PBXFileReference; lastKnownFileType = sourcecode.swift; path = DeviceRequest.swift; sourceTree = "<group>"; };
		OBJ_25 /* HCI.swift */ = {isa = PBXFileReference; lastKnownFileType = sourcecode.swift; path = HCI.swift; sourceTree = "<group>"; };
		OBJ_26 /* HostController.swift */ = {isa = PBXFileReference; lastKnownFileType = sourcecode.swift; path = HostController.swift; sourceTree = "<group>"; };
		OBJ_27 /* IOCTL.swift */ = {isa = PBXFileReference; lastKnownFileType = sourcecode.swift; path = IOCTL.swift; sourceTree = "<group>"; };
		OBJ_28 /* L2CAP.swift */ = {isa = PBXFileReference; lastKnownFileType = sourcecode.swift; path = L2CAP.swift; sourceTree = "<group>"; };
		OBJ_29 /* LinkMode.swift */ = {isa = PBXFileReference; lastKnownFileType = sourcecode.swift; path = LinkMode.swift; sourceTree = "<group>"; };
		OBJ_30 /* Scan.swift */ = {isa = PBXFileReference; lastKnownFileType = sourcecode.swift; path = Scan.swift; sourceTree = "<group>"; };
		OBJ_32 /* dummy.c */ = {isa = PBXFileReference; lastKnownFileType = sourcecode.c.c; path = dummy.c; sourceTree = "<group>"; };
		OBJ_34 /* iBeaconTestsHelper.h */ = {isa = PBXFileReference; lastKnownFileType = sourcecode.c.h; path = iBeaconTestsHelper.h; sourceTree = "<group>"; };
		OBJ_35 /* ioctl.h */ = {isa = PBXFileReference; lastKnownFileType = sourcecode.c.h; path = ioctl.h; sourceTree = "<group>"; };
		OBJ_36 /* IOCTLTestsHelper.h */ = {isa = PBXFileReference; lastKnownFileType = sourcecode.c.h; path = IOCTLTestsHelper.h; sourceTree = "<group>"; };
		OBJ_37 /* MathTestsHelper.h */ = {isa = PBXFileReference; lastKnownFileType = sourcecode.c.h; path = MathTestsHelper.h; sourceTree = "<group>"; };
		OBJ_38 /* shim.h */ = {isa = PBXFileReference; lastKnownFileType = sourcecode.c.h; path = shim.h; sourceTree = "<group>"; };
		OBJ_39 /* module.modulemap */ = {isa = PBXFileReference; lastKnownFileType = "sourcecode.module-map"; name = module.modulemap; path = "/media/psf/Developer/hcitool/.build/checkouts/BluetoothLinux.git--691856431040347753/Sources/CSwiftBluetoothLinuxTest/include/module.modulemap"; sourceTree = "<group>"; };
		OBJ_41 /* dummy.c */ = {isa = PBXFileReference; lastKnownFileType = sourcecode.c.c; path = dummy.c; sourceTree = "<group>"; };
		OBJ_43 /* bluetooth.h */ = {isa = PBXFileReference; lastKnownFileType = sourcecode.c.h; path = bluetooth.h; sourceTree = "<group>"; };
		OBJ_44 /* module.modulemap */ = {isa = PBXFileReference; lastKnownFileType = "sourcecode.module-map"; name = module.modulemap; path = "/media/psf/Developer/hcitool/.build/checkouts/BluetoothLinux.git--691856431040347753/Sources/CSwiftBluetoothLinux/include/module.modulemap"; sourceTree = "<group>"; };
		OBJ_46 /* Address.swift */ = {isa = PBXFileReference; lastKnownFileType = sourcecode.swift; path = Address.swift; sourceTree = "<group>"; };
		OBJ_47 /* AdvertisingChannelHeader.swift */ = {isa = PBXFileReference; lastKnownFileType = sourcecode.swift; path = AdvertisingChannelHeader.swift; sourceTree = "<group>"; };
		OBJ_48 /* ATT.swift */ = {isa = PBXFileReference; lastKnownFileType = sourcecode.swift; path = ATT.swift; sourceTree = "<group>"; };
		OBJ_49 /* ATTConnection.swift */ = {isa = PBXFileReference; lastKnownFileType = sourcecode.swift; path = ATTConnection.swift; sourceTree = "<group>"; };
		OBJ_50 /* ATTProtocolDataUnit.swift */ = {isa = PBXFileReference; lastKnownFileType = sourcecode.swift; path = ATTProtocolDataUnit.swift; sourceTree = "<group>"; };
		OBJ_51 /* BitMaskOption.swift */ = {isa = PBXFileReference; lastKnownFileType = sourcecode.swift; path = BitMaskOption.swift; sourceTree = "<group>"; };
		OBJ_52 /* BluetoothHostController.swift */ = {isa = PBXFileReference; lastKnownFileType = sourcecode.swift; path = BluetoothHostController.swift; sourceTree = "<group>"; };
		OBJ_53 /* BluetoothUUID.swift */ = {isa = PBXFileReference; lastKnownFileType = sourcecode.swift; path = BluetoothUUID.swift; sourceTree = "<group>"; };
		OBJ_54 /* ByteValue.swift */ = {isa = PBXFileReference; lastKnownFileType = sourcecode.swift; path = ByteValue.swift; sourceTree = "<group>"; };
		OBJ_55 /* CompanyIdentifier.swift */ = {isa = PBXFileReference; lastKnownFileType = sourcecode.swift; path = CompanyIdentifier.swift; sourceTree = "<group>"; };
		OBJ_56 /* DefinedUUID.swift */ = {isa = PBXFileReference; lastKnownFileType = sourcecode.swift; path = DefinedUUID.swift; sourceTree = "<group>"; };
		OBJ_57 /* GATT.swift */ = {isa = PBXFileReference; lastKnownFileType = sourcecode.swift; path = GATT.swift; sourceTree = "<group>"; };
		OBJ_58 /* GATTAttributes.swift */ = {isa = PBXFileReference; lastKnownFileType = sourcecode.swift; path = GATTAttributes.swift; sourceTree = "<group>"; };
		OBJ_59 /* GATTClient.swift */ = {isa = PBXFileReference; lastKnownFileType = sourcecode.swift; path = GATTClient.swift; sourceTree = "<group>"; };
		OBJ_6 /* Package.swift */ = {isa = PBXFileReference; explicitFileType = sourcecode.swift; path = Package.swift; sourceTree = "<group>"; };
		OBJ_60 /* GATTDatabase.swift */ = {isa = PBXFileReference; lastKnownFileType = sourcecode.swift; path = GATTDatabase.swift; sourceTree = "<group>"; };
		OBJ_61 /* GATTServer.swift */ = {isa = PBXFileReference; lastKnownFileType = sourcecode.swift; path = GATTServer.swift; sourceTree = "<group>"; };
		OBJ_62 /* HCI.swift */ = {isa = PBXFileReference; lastKnownFileType = sourcecode.swift; path = HCI.swift; sourceTree = "<group>"; };
		OBJ_63 /* HCICommand.swift */ = {isa = PBXFileReference; lastKnownFileType = sourcecode.swift; path = HCICommand.swift; sourceTree = "<group>"; };
		OBJ_64 /* HCIError.swift */ = {isa = PBXFileReference; lastKnownFileType = sourcecode.swift; path = HCIError.swift; sourceTree = "<group>"; };
		OBJ_65 /* HCIEvent.swift */ = {isa = PBXFileReference; lastKnownFileType = sourcecode.swift; path = HCIEvent.swift; sourceTree = "<group>"; };
		OBJ_66 /* HCIGeneralEvent.swift */ = {isa = PBXFileReference; lastKnownFileType = sourcecode.swift; path = HCIGeneralEvent.swift; sourceTree = "<group>"; };
		OBJ_67 /* HCIGeneralEventParameter.swift */ = {isa = PBXFileReference; lastKnownFileType = sourcecode.swift; path = HCIGeneralEventParameter.swift; sourceTree = "<group>"; };
		OBJ_68 /* HCIPacketHeader.swift */ = {isa = PBXFileReference; lastKnownFileType = sourcecode.swift; path = HCIPacketHeader.swift; sourceTree = "<group>"; };
		OBJ_69 /* HCIVersion.swift */ = {isa = PBXFileReference; lastKnownFileType = sourcecode.swift; path = HCIVersion.swift; sourceTree = "<group>"; };
		OBJ_70 /* Hexadecimal.swift */ = {isa = PBXFileReference; lastKnownFileType = sourcecode.swift; path = Hexadecimal.swift; sourceTree = "<group>"; };
		OBJ_71 /* HostControllerBasebandCommand.swift */ = {isa = PBXFileReference; lastKnownFileType = sourcecode.swift; path = HostControllerBasebandCommand.swift; sourceTree = "<group>"; };
		OBJ_72 /* HostControllerBasebandCommandParameter.swift */ = {isa = PBXFileReference; lastKnownFileType = sourcecode.swift; path = HostControllerBasebandCommandParameter.swift; sourceTree = "<group>"; };
		OBJ_73 /* HostControllerLocalName.swift */ = {isa = PBXFileReference; lastKnownFileType = sourcecode.swift; path = HostControllerLocalName.swift; sourceTree = "<group>"; };
		OBJ_74 /* iBeacon.swift */ = {isa = PBXFileReference; lastKnownFileType = sourcecode.swift; path = iBeacon.swift; sourceTree = "<group>"; };
		OBJ_75 /* InformationalParametersCommand.swift */ = {isa = PBXFileReference; lastKnownFileType = sourcecode.swift; path = InformationalParametersCommand.swift; sourceTree = "<group>"; };
		OBJ_76 /* Integer.swift */ = {isa = PBXFileReference; lastKnownFileType = sourcecode.swift; path = Integer.swift; sourceTree = "<group>"; };
		OBJ_77 /* L2CAPSocket.swift */ = {isa = PBXFileReference; lastKnownFileType = sourcecode.swift; path = L2CAPSocket.swift; sourceTree = "<group>"; };
		OBJ_78 /* LinkControlCommand.swift */ = {isa = PBXFileReference; lastKnownFileType = sourcecode.swift; path = LinkControlCommand.swift; sourceTree = "<group>"; };
		OBJ_79 /* LinkControlCommandParameter.swift */ = {isa = PBXFileReference; lastKnownFileType = sourcecode.swift; path = LinkControlCommandParameter.swift; sourceTree = "<group>"; };
		OBJ_80 /* LinkPolicyCommand.swift */ = {isa = PBXFileReference; lastKnownFileType = sourcecode.swift; path = LinkPolicyCommand.swift; sourceTree = "<group>"; };
		OBJ_81 /* LinkPolicyCommandParameter.swift */ = {isa = PBXFileReference; lastKnownFileType = sourcecode.swift; path = LinkPolicyCommandParameter.swift; sourceTree = "<group>"; };
		OBJ_82 /* LowEnergyAddressType.swift */ = {isa = PBXFileReference; lastKnownFileType = sourcecode.swift; path = LowEnergyAddressType.swift; sourceTree = "<group>"; };
		OBJ_83 /* LowEnergyAdvertising.swift */ = {isa = PBXFileReference; lastKnownFileType = sourcecode.swift; path = LowEnergyAdvertising.swift; sourceTree = "<group>"; };
		OBJ_84 /* LowEnergyCommand.swift */ = {isa = PBXFileReference; lastKnownFileType = sourcecode.swift; path = LowEnergyCommand.swift; sourceTree = "<group>"; };
		OBJ_85 /* LowEnergyCommandParameter.swift */ = {isa = PBXFileReference; lastKnownFileType = sourcecode.swift; path = LowEnergyCommandParameter.swift; sourceTree = "<group>"; };
		OBJ_86 /* LowEnergyConnection.swift */ = {isa = PBXFileReference; lastKnownFileType = sourcecode.swift; path = LowEnergyConnection.swift; sourceTree = "<group>"; };
		OBJ_87 /* LowEnergyEvent.swift */ = {isa = PBXFileReference; lastKnownFileType = sourcecode.swift; path = LowEnergyEvent.swift; sourceTree = "<group>"; };
		OBJ_88 /* LowEnergyEventParameter.swift */ = {isa = PBXFileReference; lastKnownFileType = sourcecode.swift; path = LowEnergyEventParameter.swift; sourceTree = "<group>"; };
		OBJ_89 /* LowEnergyScan.swift */ = {isa = PBXFileReference; lastKnownFileType = sourcecode.swift; path = LowEnergyScan.swift; sourceTree = "<group>"; };
		OBJ_9 /* Command.swift */ = {isa = PBXFileReference; lastKnownFileType = sourcecode.swift; path = Command.swift; sourceTree = "<group>"; };
		OBJ_90 /* LowEnergyWhiteList.swift */ = {isa = PBXFileReference; lastKnownFileType = sourcecode.swift; path = LowEnergyWhiteList.swift; sourceTree = "<group>"; };
		OBJ_91 /* POSIXError.swift */ = {isa = PBXFileReference; lastKnownFileType = sourcecode.swift; path = POSIXError.swift; sourceTree = "<group>"; };
		OBJ_92 /* ProtocolServiceMultiplexer.swift */ = {isa = PBXFileReference; lastKnownFileType = sourcecode.swift; path = ProtocolServiceMultiplexer.swift; sourceTree = "<group>"; };
		OBJ_93 /* Range.swift */ = {isa = PBXFileReference; lastKnownFileType = sourcecode.swift; path = Range.swift; sourceTree = "<group>"; };
		OBJ_94 /* SecurityLevel.swift */ = {isa = PBXFileReference; lastKnownFileType = sourcecode.swift; path = SecurityLevel.swift; sourceTree = "<group>"; };
		OBJ_95 /* StatusParametersCommand.swift */ = {isa = PBXFileReference; lastKnownFileType = sourcecode.swift; path = StatusParametersCommand.swift; sourceTree = "<group>"; };
		OBJ_96 /* String.swift */ = {isa = PBXFileReference; lastKnownFileType = sourcecode.swift; path = String.swift; sourceTree = "<group>"; };
		OBJ_97 /* TestingCommand.swift */ = {isa = PBXFileReference; lastKnownFileType = sourcecode.swift; path = TestingCommand.swift; sourceTree = "<group>"; };
		OBJ_98 /* UInt128.swift */ = {isa = PBXFileReference; lastKnownFileType = sourcecode.swift; path = UInt128.swift; sourceTree = "<group>"; };
		OBJ_99 /* UUID.swift */ = {isa = PBXFileReference; lastKnownFileType = sourcecode.swift; path = UUID.swift; sourceTree = "<group>"; };
/* End PBXFileReference section */

/* Begin PBXFrameworksBuildPhase section */
		OBJ_136 /* Frameworks */ = {
			isa = PBXFrameworksBuildPhase;
			buildActionMask = 0;
			files = (
			);
			runOnlyForDeploymentPostprocessing = 0;
		};
		OBJ_197 /* Frameworks */ = {
			isa = PBXFrameworksBuildPhase;
			buildActionMask = 0;
			files = (
			);
			runOnlyForDeploymentPostprocessing = 0;
		};
		OBJ_215 /* Frameworks */ = {
			isa = PBXFrameworksBuildPhase;
			buildActionMask = 0;
			files = (
				OBJ_216 /* Bluetooth.framework in Frameworks */,
				OBJ_217 /* CSwiftBluetoothLinux.framework in Frameworks */,
			);
			runOnlyForDeploymentPostprocessing = 0;
		};
		OBJ_228 /* Frameworks */ = {
			isa = PBXFrameworksBuildPhase;
			buildActionMask = 0;
			files = (
				OBJ_229 /* Bluetooth.framework in Frameworks */,
			);
			runOnlyForDeploymentPostprocessing = 0;
		};
		OBJ_237 /* Frameworks */ = {
			isa = PBXFrameworksBuildPhase;
			buildActionMask = 0;
			files = (
				OBJ_238 /* Bluetooth.framework in Frameworks */,
			);
			runOnlyForDeploymentPostprocessing = 0;
		};
		OBJ_251 /* Frameworks */ = {
			isa = PBXFrameworksBuildPhase;
			buildActionMask = 0;
			files = (
				OBJ_252 /* Rainbow.framework in Frameworks */,
				OBJ_253 /* Bluetooth.framework in Frameworks */,
				OBJ_254 /* CSwiftBluetoothLinux.framework in Frameworks */,
				OBJ_255 /* BluetoothLinux.framework in Frameworks */,
				OBJ_256 /* CSwiftBluetoothLinuxTest.framework in Frameworks */,
			);
			runOnlyForDeploymentPostprocessing = 0;
		};
/* End PBXFrameworksBuildPhase section */

/* Begin PBXGroup section */
		OBJ_101 /* Rainbow 3.2.0 */ = {
			isa = PBXGroup;
			children = (
				OBJ_102 /* BackgroundColor.swift */,
				OBJ_103 /* CodesParser.swift */,
				OBJ_104 /* Color.swift */,
				OBJ_105 /* ControlCode.swift */,
				OBJ_106 /* ModesExtractor.swift */,
				OBJ_107 /* OutputTarget.swift */,
				OBJ_108 /* Rainbow.swift */,
				OBJ_109 /* String+Rainbow.swift */,
				OBJ_110 /* StringGenerator.swift */,
				OBJ_111 /* Style.swift */,
				OBJ_112 /* XcodeColorsSupport.swift */,
			);
			name = "Rainbow 3.2.0";
			path = ".build/checkouts/Rainbow.git-9181934268678291140/Sources";
			sourceTree = SOURCE_ROOT;
		};
		OBJ_113 /* Products */ = {
			isa = PBXGroup;
			children = (
				OBJ_114 /* Rainbow.framework */,
				OBJ_115 /* Bluetooth.framework */,
				OBJ_116 /* BluetoothLinux.framework */,
				OBJ_117 /* CSwiftBluetoothLinuxTest.framework */,
				OBJ_118 /* CSwiftBluetoothLinux.framework */,
				OBJ_119 /* hcitool */,
			);
			name = Products;
			sourceTree = BUILT_PRODUCTS_DIR;
		};
		OBJ_15 /* Tests */ = {
			isa = PBXGroup;
			children = (
			);
			name = Tests;
			sourceTree = SOURCE_ROOT;
		};
		OBJ_16 /* Dependencies */ = {
			isa = PBXGroup;
			children = (
				OBJ_17 /* BluetoothLinux 3.0.1 */,
				OBJ_45 /* Bluetooth 1.6.2 */,
				OBJ_101 /* Rainbow 3.2.0 */,
			);
			name = Dependencies;
			sourceTree = "<group>";
		};
		OBJ_17 /* BluetoothLinux 3.0.1 */ = {
			isa = PBXGroup;
			children = (
				OBJ_18 /* BluetoothLinux */,
				OBJ_31 /* CSwiftBluetoothLinuxTest */,
				OBJ_40 /* CSwiftBluetoothLinux */,
			);
			name = "BluetoothLinux 3.0.1";
			sourceTree = SOURCE_ROOT;
		};
		OBJ_18 /* BluetoothLinux */ = {
			isa = PBXGroup;
			children = (
				OBJ_19 /* AddressType.swift */,
				OBJ_20 /* BluetoothProtocol.swift */,
				OBJ_21 /* Darwin.swift */,
				OBJ_22 /* DeviceCommand.swift */,
				OBJ_23 /* DevicePollEvent.swift */,
				OBJ_24 /* DeviceRequest.swift */,
				OBJ_25 /* HCI.swift */,
				OBJ_26 /* HostController.swift */,
				OBJ_27 /* IOCTL.swift */,
				OBJ_28 /* L2CAP.swift */,
				OBJ_29 /* LinkMode.swift */,
				OBJ_30 /* Scan.swift */,
			);
			name = BluetoothLinux;
			path = ".build/checkouts/BluetoothLinux.git--691856431040347753/Sources/BluetoothLinux";
			sourceTree = SOURCE_ROOT;
		};
		OBJ_31 /* CSwiftBluetoothLinuxTest */ = {
			isa = PBXGroup;
			children = (
				OBJ_32 /* dummy.c */,
				OBJ_33 /* include */,
			);
			name = CSwiftBluetoothLinuxTest;
			path = ".build/checkouts/BluetoothLinux.git--691856431040347753/Sources/CSwiftBluetoothLinuxTest";
			sourceTree = SOURCE_ROOT;
		};
		OBJ_33 /* include */ = {
			isa = PBXGroup;
			children = (
				OBJ_34 /* iBeaconTestsHelper.h */,
				OBJ_35 /* ioctl.h */,
				OBJ_36 /* IOCTLTestsHelper.h */,
				OBJ_37 /* MathTestsHelper.h */,
				OBJ_38 /* shim.h */,
				OBJ_39 /* module.modulemap */,
			);
			path = include;
			sourceTree = "<group>";
		};
		OBJ_40 /* CSwiftBluetoothLinux */ = {
			isa = PBXGroup;
			children = (
				OBJ_41 /* dummy.c */,
				OBJ_42 /* include */,
			);
			name = CSwiftBluetoothLinux;
			path = ".build/checkouts/BluetoothLinux.git--691856431040347753/Sources/CSwiftBluetoothLinux";
			sourceTree = SOURCE_ROOT;
		};
		OBJ_42 /* include */ = {
			isa = PBXGroup;
			children = (
				OBJ_43 /* bluetooth.h */,
				OBJ_44 /* module.modulemap */,
			);
			path = include;
			sourceTree = "<group>";
		};
		OBJ_45 /* Bluetooth 1.6.2 */ = {
			isa = PBXGroup;
			children = (
				OBJ_46 /* Address.swift */,
				OBJ_47 /* AdvertisingChannelHeader.swift */,
				OBJ_48 /* ATT.swift */,
				OBJ_49 /* ATTConnection.swift */,
				OBJ_50 /* ATTProtocolDataUnit.swift */,
				OBJ_51 /* BitMaskOption.swift */,
				OBJ_52 /* BluetoothHostController.swift */,
				OBJ_53 /* BluetoothUUID.swift */,
				OBJ_54 /* ByteValue.swift */,
				OBJ_55 /* CompanyIdentifier.swift */,
				OBJ_56 /* DefinedUUID.swift */,
				OBJ_57 /* GATT.swift */,
				OBJ_58 /* GATTAttributes.swift */,
				OBJ_59 /* GATTClient.swift */,
				OBJ_60 /* GATTDatabase.swift */,
				OBJ_61 /* GATTServer.swift */,
				OBJ_62 /* HCI.swift */,
				OBJ_63 /* HCICommand.swift */,
				OBJ_64 /* HCIError.swift */,
				OBJ_65 /* HCIEvent.swift */,
				OBJ_66 /* HCIGeneralEvent.swift */,
				OBJ_67 /* HCIGeneralEventParameter.swift */,
				OBJ_68 /* HCIPacketHeader.swift */,
				OBJ_69 /* HCIVersion.swift */,
				OBJ_70 /* Hexadecimal.swift */,
				OBJ_71 /* HostControllerBasebandCommand.swift */,
				OBJ_72 /* HostControllerBasebandCommandParameter.swift */,
				OBJ_73 /* HostControllerLocalName.swift */,
				OBJ_74 /* iBeacon.swift */,
				OBJ_75 /* InformationalParametersCommand.swift */,
				OBJ_76 /* Integer.swift */,
				OBJ_77 /* L2CAPSocket.swift */,
				OBJ_78 /* LinkControlCommand.swift */,
				OBJ_79 /* LinkControlCommandParameter.swift */,
				OBJ_80 /* LinkPolicyCommand.swift */,
				OBJ_81 /* LinkPolicyCommandParameter.swift */,
				OBJ_82 /* LowEnergyAddressType.swift */,
				OBJ_83 /* LowEnergyAdvertising.swift */,
				OBJ_84 /* LowEnergyCommand.swift */,
				OBJ_85 /* LowEnergyCommandParameter.swift */,
				OBJ_86 /* LowEnergyConnection.swift */,
				OBJ_87 /* LowEnergyEvent.swift */,
				OBJ_88 /* LowEnergyEventParameter.swift */,
				OBJ_89 /* LowEnergyScan.swift */,
				OBJ_90 /* LowEnergyWhiteList.swift */,
				OBJ_91 /* POSIXError.swift */,
				OBJ_92 /* ProtocolServiceMultiplexer.swift */,
				OBJ_93 /* Range.swift */,
				OBJ_94 /* SecurityLevel.swift */,
				OBJ_95 /* StatusParametersCommand.swift */,
				OBJ_96 /* String.swift */,
				OBJ_97 /* TestingCommand.swift */,
				OBJ_98 /* UInt128.swift */,
				OBJ_99 /* UUID.swift */,
				OBJ_100 /* VendorCommand.swift */,
			);
			name = "Bluetooth 1.6.2";
			path = ".build/checkouts/Bluetooth.git-693398405341777638/Sources";
			sourceTree = SOURCE_ROOT;
		};
		OBJ_5 /*  */ = {
			isa = PBXGroup;
			children = (
				OBJ_6 /* Package.swift */,
				OBJ_7 /* Sources */,
				OBJ_15 /* Tests */,
				OBJ_16 /* Dependencies */,
				OBJ_113 /* Products */,
			);
			name = "";
			sourceTree = "<group>";
		};
		OBJ_7 /* Sources */ = {
			isa = PBXGroup;
			children = (
				OBJ_8 /* hcitool */,
			);
			name = Sources;
			sourceTree = SOURCE_ROOT;
		};
		OBJ_8 /* hcitool */ = {
			isa = PBXGroup;
			children = (
				OBJ_9 /* Command.swift */,
				OBJ_10 /* CommandLine.swift */,
				OBJ_11 /* LEScan.swift */,
				OBJ_12 /* main.swift */,
				OBJ_13 /* Option.swift */,
				OBJ_14 /* StringExtensions.swift */,
			);
			name = hcitool;
			path = Sources/hcitool;
			sourceTree = SOURCE_ROOT;
		};
/* End PBXGroup section */

/* Begin PBXNativeTarget section */
		OBJ_120 /* Rainbow */ = {
			isa = PBXNativeTarget;
			buildConfigurationList = OBJ_121 /* Build configuration list for PBXNativeTarget "Rainbow" */;
			buildPhases = (
				OBJ_124 /* Sources */,
				OBJ_136 /* Frameworks */,
			);
			buildRules = (
			);
			dependencies = (
			);
			name = Rainbow;
			productName = Rainbow;
			productReference = OBJ_114 /* Rainbow.framework */;
			productType = "com.apple.product-type.framework";
		};
		OBJ_137 /* Bluetooth */ = {
			isa = PBXNativeTarget;
			buildConfigurationList = OBJ_138 /* Build configuration list for PBXNativeTarget "Bluetooth" */;
			buildPhases = (
				OBJ_141 /* Sources */,
				OBJ_197 /* Frameworks */,
			);
			buildRules = (
			);
			dependencies = (
			);
			name = Bluetooth;
			productName = Bluetooth;
			productReference = OBJ_115 /* Bluetooth.framework */;
			productType = "com.apple.product-type.framework";
		};
		OBJ_198 /* BluetoothLinux */ = {
			isa = PBXNativeTarget;
			buildConfigurationList = OBJ_199 /* Build configuration list for PBXNativeTarget "BluetoothLinux" */;
			buildPhases = (
				OBJ_202 /* Sources */,
				OBJ_215 /* Frameworks */,
			);
			buildRules = (
			);
			dependencies = (
				OBJ_218 /* PBXTargetDependency */,
				OBJ_219 /* PBXTargetDependency */,
			);
			name = BluetoothLinux;
			productName = BluetoothLinux;
			productReference = OBJ_116 /* BluetoothLinux.framework */;
			productType = "com.apple.product-type.framework";
		};
		OBJ_220 /* CSwiftBluetoothLinux */ = {
			isa = PBXNativeTarget;
			buildConfigurationList = OBJ_231 /* Build configuration list for PBXNativeTarget "CSwiftBluetoothLinux" */;
			buildPhases = (
				OBJ_234 /* ShellScript */,
				OBJ_235 /* Sources */,
				OBJ_237 /* Frameworks */,
			);
			buildRules = (
			);
			dependencies = (
				OBJ_239 /* PBXTargetDependency */,
			);
			name = CSwiftBluetoothLinux;
			productName = CSwiftBluetoothLinux;
			productReference = OBJ_118 /* CSwiftBluetoothLinux.framework */;
			productType = "com.apple.product-type.framework";
		};
		OBJ_221 /* CSwiftBluetoothLinuxTest */ = {
			isa = PBXNativeTarget;
			buildConfigurationList = OBJ_222 /* Build configuration list for PBXNativeTarget "CSwiftBluetoothLinuxTest" */;
			buildPhases = (
				OBJ_225 /* ShellScript */,
				OBJ_226 /* Sources */,
				OBJ_228 /* Frameworks */,
			);
			buildRules = (
			);
			dependencies = (
				OBJ_230 /* PBXTargetDependency */,
			);
			name = CSwiftBluetoothLinuxTest;
			productName = CSwiftBluetoothLinuxTest;
			productReference = OBJ_117 /* CSwiftBluetoothLinuxTest.framework */;
			productType = "com.apple.product-type.framework";
		};
		OBJ_240 /* hcitool */ = {
			isa = PBXNativeTarget;
			buildConfigurationList = OBJ_241 /* Build configuration list for PBXNativeTarget "hcitool" */;
			buildPhases = (
				OBJ_244 /* Sources */,
				OBJ_251 /* Frameworks */,
			);
			buildRules = (
			);
			dependencies = (
				OBJ_257 /* PBXTargetDependency */,
				OBJ_258 /* PBXTargetDependency */,
				OBJ_259 /* PBXTargetDependency */,
				OBJ_260 /* PBXTargetDependency */,
				OBJ_261 /* PBXTargetDependency */,
			);
			name = hcitool;
			productName = hcitool;
			productReference = OBJ_119 /* hcitool */;
			productType = "com.apple.product-type.tool";
		};
/* End PBXNativeTarget section */

/* Begin PBXProject section */
		OBJ_1 /* Project object */ = {
			isa = PBXProject;
			attributes = {
				LastUpgradeCheck = 9999;
			};
			buildConfigurationList = OBJ_2 /* Build configuration list for PBXProject "hcitool" */;
			compatibilityVersion = "Xcode 3.2";
			developmentRegion = English;
			hasScannedForEncodings = 0;
			knownRegions = (
				en,
			);
			mainGroup = OBJ_5 /*  */;
			productRefGroup = OBJ_113 /* Products */;
			projectDirPath = "";
			projectRoot = "";
			targets = (
				OBJ_120 /* Rainbow */,
				OBJ_137 /* Bluetooth */,
				OBJ_198 /* BluetoothLinux */,
				OBJ_221 /* CSwiftBluetoothLinuxTest */,
				OBJ_220 /* CSwiftBluetoothLinux */,
				OBJ_240 /* hcitool */,
			);
		};
/* End PBXProject section */

/* Begin PBXShellScriptBuildPhase section */
		OBJ_225 /* ShellScript */ = {
			isa = PBXShellScriptBuildPhase;
			buildActionMask = 0;
			files = (
			);
			runOnlyForDeploymentPostprocessing = 0;
			shellPath = /bin/sh;
			shellScript = "mkdir -p \"${PROJECT_TEMP_DIR}/SymlinkLibs\"\nln -sf \"${BUILT_PRODUCTS_DIR}/${EXECUTABLE_PATH}\" \"${PROJECT_TEMP_DIR}/SymlinkLibs/lib${EXECUTABLE_NAME}.dylib\"\n";
		};
		OBJ_234 /* ShellScript */ = {
			isa = PBXShellScriptBuildPhase;
			buildActionMask = 0;
			files = (
			);
			runOnlyForDeploymentPostprocessing = 0;
			shellPath = /bin/sh;
			shellScript = "mkdir -p \"${PROJECT_TEMP_DIR}/SymlinkLibs\"\nln -sf \"${BUILT_PRODUCTS_DIR}/${EXECUTABLE_PATH}\" \"${PROJECT_TEMP_DIR}/SymlinkLibs/lib${EXECUTABLE_NAME}.dylib\"\n";
		};
/* End PBXShellScriptBuildPhase section */

/* Begin PBXSourcesBuildPhase section */
		OBJ_124 /* Sources */ = {
			isa = PBXSourcesBuildPhase;
			buildActionMask = 0;
			files = (
				OBJ_125 /* BackgroundColor.swift in Sources */,
				OBJ_126 /* CodesParser.swift in Sources */,
				OBJ_127 /* Color.swift in Sources */,
				OBJ_128 /* ControlCode.swift in Sources */,
				OBJ_129 /* ModesExtractor.swift in Sources */,
				OBJ_130 /* OutputTarget.swift in Sources */,
				OBJ_131 /* Rainbow.swift in Sources */,
				OBJ_132 /* String+Rainbow.swift in Sources */,
				OBJ_133 /* StringGenerator.swift in Sources */,
				OBJ_134 /* Style.swift in Sources */,
				OBJ_135 /* XcodeColorsSupport.swift in Sources */,
			);
			runOnlyForDeploymentPostprocessing = 0;
		};
		OBJ_141 /* Sources */ = {
			isa = PBXSourcesBuildPhase;
			buildActionMask = 0;
			files = (
				OBJ_142 /* Address.swift in Sources */,
				OBJ_143 /* AdvertisingChannelHeader.swift in Sources */,
				OBJ_144 /* ATT.swift in Sources */,
				OBJ_145 /* ATTConnection.swift in Sources */,
				OBJ_146 /* ATTProtocolDataUnit.swift in Sources */,
				OBJ_147 /* BitMaskOption.swift in Sources */,
				OBJ_148 /* BluetoothHostController.swift in Sources */,
				OBJ_149 /* BluetoothUUID.swift in Sources */,
				OBJ_150 /* ByteValue.swift in Sources */,
				OBJ_151 /* CompanyIdentifier.swift in Sources */,
				OBJ_152 /* DefinedUUID.swift in Sources */,
				OBJ_153 /* GATT.swift in Sources */,
				OBJ_154 /* GATTAttributes.swift in Sources */,
				OBJ_155 /* GATTClient.swift in Sources */,
				OBJ_156 /* GATTDatabase.swift in Sources */,
				OBJ_157 /* GATTServer.swift in Sources */,
				OBJ_158 /* HCI.swift in Sources */,
				OBJ_159 /* HCICommand.swift in Sources */,
				OBJ_160 /* HCIError.swift in Sources */,
				OBJ_161 /* HCIEvent.swift in Sources */,
				OBJ_162 /* HCIGeneralEvent.swift in Sources */,
				OBJ_163 /* HCIGeneralEventParameter.swift in Sources */,
				OBJ_164 /* HCIPacketHeader.swift in Sources */,
				OBJ_165 /* HCIVersion.swift in Sources */,
				OBJ_166 /* Hexadecimal.swift in Sources */,
				OBJ_167 /* HostControllerBasebandCommand.swift in Sources */,
				OBJ_168 /* HostControllerBasebandCommandParameter.swift in Sources */,
				OBJ_169 /* HostControllerLocalName.swift in Sources */,
				OBJ_170 /* iBeacon.swift in Sources */,
				OBJ_171 /* InformationalParametersCommand.swift in Sources */,
				OBJ_172 /* Integer.swift in Sources */,
				OBJ_173 /* L2CAPSocket.swift in Sources */,
				OBJ_174 /* LinkControlCommand.swift in Sources */,
				OBJ_175 /* LinkControlCommandParameter.swift in Sources */,
				OBJ_176 /* LinkPolicyCommand.swift in Sources */,
				OBJ_177 /* LinkPolicyCommandParameter.swift in Sources */,
				OBJ_178 /* LowEnergyAddressType.swift in Sources */,
				OBJ_179 /* LowEnergyAdvertising.swift in Sources */,
				OBJ_180 /* LowEnergyCommand.swift in Sources */,
				OBJ_181 /* LowEnergyCommandParameter.swift in Sources */,
				OBJ_182 /* LowEnergyConnection.swift in Sources */,
				OBJ_183 /* LowEnergyEvent.swift in Sources */,
				OBJ_184 /* LowEnergyEventParameter.swift in Sources */,
				OBJ_185 /* LowEnergyScan.swift in Sources */,
				OBJ_186 /* LowEnergyWhiteList.swift in Sources */,
				OBJ_187 /* POSIXError.swift in Sources */,
				OBJ_188 /* ProtocolServiceMultiplexer.swift in Sources */,
				OBJ_189 /* Range.swift in Sources */,
				OBJ_190 /* SecurityLevel.swift in Sources */,
				OBJ_191 /* StatusParametersCommand.swift in Sources */,
				OBJ_192 /* String.swift in Sources */,
				OBJ_193 /* TestingCommand.swift in Sources */,
				OBJ_194 /* UInt128.swift in Sources */,
				OBJ_195 /* UUID.swift in Sources */,
				OBJ_196 /* VendorCommand.swift in Sources */,
			);
			runOnlyForDeploymentPostprocessing = 0;
		};
		OBJ_202 /* Sources */ = {
			isa = PBXSourcesBuildPhase;
			buildActionMask = 0;
			files = (
				OBJ_203 /* AddressType.swift in Sources */,
				OBJ_204 /* BluetoothProtocol.swift in Sources */,
				OBJ_205 /* Darwin.swift in Sources */,
				OBJ_206 /* DeviceCommand.swift in Sources */,
				OBJ_207 /* DevicePollEvent.swift in Sources */,
				OBJ_208 /* DeviceRequest.swift in Sources */,
				OBJ_209 /* HCI.swift in Sources */,
				OBJ_210 /* HostController.swift in Sources */,
				OBJ_211 /* IOCTL.swift in Sources */,
				OBJ_212 /* L2CAP.swift in Sources */,
				OBJ_213 /* LinkMode.swift in Sources */,
				OBJ_214 /* Scan.swift in Sources */,
			);
			runOnlyForDeploymentPostprocessing = 0;
		};
		OBJ_226 /* Sources */ = {
			isa = PBXSourcesBuildPhase;
			buildActionMask = 0;
			files = (
				OBJ_227 /* dummy.c in Sources */,
			);
			runOnlyForDeploymentPostprocessing = 0;
		};
		OBJ_235 /* Sources */ = {
			isa = PBXSourcesBuildPhase;
			buildActionMask = 0;
			files = (
				OBJ_236 /* dummy.c in Sources */,
			);
			runOnlyForDeploymentPostprocessing = 0;
		};
		OBJ_244 /* Sources */ = {
			isa = PBXSourcesBuildPhase;
			buildActionMask = 0;
			files = (
				OBJ_245 /* Command.swift in Sources */,
				OBJ_246 /* CommandLine.swift in Sources */,
				OBJ_247 /* LEScan.swift in Sources */,
				OBJ_248 /* main.swift in Sources */,
				OBJ_249 /* Option.swift in Sources */,
				OBJ_250 /* StringExtensions.swift in Sources */,
			);
			runOnlyForDeploymentPostprocessing = 0;
		};
/* End PBXSourcesBuildPhase section */

/* Begin PBXTargetDependency section */
		OBJ_218 /* PBXTargetDependency */ = {
			isa = PBXTargetDependency;
			target = OBJ_137 /* Bluetooth */;
			targetProxy = 6E560B85206AC7E700EAE3E7 /* PBXContainerItemProxy */;
		};
		OBJ_219 /* PBXTargetDependency */ = {
			isa = PBXTargetDependency;
			target = OBJ_220 /* CSwiftBluetoothLinux */;
			targetProxy = 6E560B86206AC7E700EAE3E7 /* PBXContainerItemProxy */;
		};
		OBJ_230 /* PBXTargetDependency */ = {
			isa = PBXTargetDependency;
			target = OBJ_137 /* Bluetooth */;
			targetProxy = 6E560B88206AC7E700EAE3E7 /* PBXContainerItemProxy */;
		};
		OBJ_239 /* PBXTargetDependency */ = {
			isa = PBXTargetDependency;
			target = OBJ_137 /* Bluetooth */;
			targetProxy = 6E560B83206AC7E700EAE3E7 /* PBXContainerItemProxy */;
		};
		OBJ_257 /* PBXTargetDependency */ = {
			isa = PBXTargetDependency;
			target = OBJ_120 /* Rainbow */;
			targetProxy = 6E560B80206AC7E700EAE3E7 /* PBXContainerItemProxy */;
		};
		OBJ_258 /* PBXTargetDependency */ = {
			isa = PBXTargetDependency;
			target = OBJ_137 /* Bluetooth */;
			targetProxy = 6E560B81206AC7E700EAE3E7 /* PBXContainerItemProxy */;
		};
		OBJ_259 /* PBXTargetDependency */ = {
			isa = PBXTargetDependency;
			target = OBJ_220 /* CSwiftBluetoothLinux */;
			targetProxy = 6E560B82206AC7E700EAE3E7 /* PBXContainerItemProxy */;
		};
		OBJ_260 /* PBXTargetDependency */ = {
			isa = PBXTargetDependency;
			target = OBJ_198 /* BluetoothLinux */;
			targetProxy = 6E560B84206AC7E700EAE3E7 /* PBXContainerItemProxy */;
		};
		OBJ_261 /* PBXTargetDependency */ = {
			isa = PBXTargetDependency;
			target = OBJ_221 /* CSwiftBluetoothLinuxTest */;
			targetProxy = 6E560B87206AC7E700EAE3E7 /* PBXContainerItemProxy */;
		};
/* End PBXTargetDependency section */

/* Begin XCBuildConfiguration section */
		OBJ_122 /* Debug */ = {
			isa = XCBuildConfiguration;
			buildSettings = {
				ENABLE_TESTABILITY = YES;
				FRAMEWORK_SEARCH_PATHS = (
					"$(inherited)",
					"$(PLATFORM_DIR)/Developer/Library/Frameworks",
				);
				HEADER_SEARCH_PATHS = "$(inherited)";
				INFOPLIST_FILE = hcitool.xcodeproj/Rainbow_Info.plist;
				LD_RUNPATH_SEARCH_PATHS = "$(TOOLCHAIN_DIR)/usr/lib/swift/macosx";
				OTHER_LDFLAGS = "$(inherited)";
				OTHER_SWIFT_FLAGS = "$(inherited)";
				PRODUCT_BUNDLE_IDENTIFIER = Rainbow;
				PRODUCT_MODULE_NAME = "$(TARGET_NAME:c99extidentifier)";
				PRODUCT_NAME = "$(TARGET_NAME:c99extidentifier)";
				SKIP_INSTALL = YES;
				TARGET_NAME = Rainbow;
			};
			name = Debug;
		};
		OBJ_123 /* Release */ = {
			isa = XCBuildConfiguration;
			buildSettings = {
				ENABLE_TESTABILITY = YES;
				FRAMEWORK_SEARCH_PATHS = (
					"$(inherited)",
					"$(PLATFORM_DIR)/Developer/Library/Frameworks",
				);
				HEADER_SEARCH_PATHS = "$(inherited)";
				INFOPLIST_FILE = hcitool.xcodeproj/Rainbow_Info.plist;
				LD_RUNPATH_SEARCH_PATHS = "$(TOOLCHAIN_DIR)/usr/lib/swift/macosx";
				OTHER_LDFLAGS = "$(inherited)";
				OTHER_SWIFT_FLAGS = "$(inherited)";
				PRODUCT_BUNDLE_IDENTIFIER = Rainbow;
				PRODUCT_MODULE_NAME = "$(TARGET_NAME:c99extidentifier)";
				PRODUCT_NAME = "$(TARGET_NAME:c99extidentifier)";
				SKIP_INSTALL = YES;
				TARGET_NAME = Rainbow;
			};
			name = Release;
		};
		OBJ_139 /* Debug */ = {
			isa = XCBuildConfiguration;
			buildSettings = {
				ENABLE_TESTABILITY = YES;
				FRAMEWORK_SEARCH_PATHS = (
					"$(inherited)",
					"$(PLATFORM_DIR)/Developer/Library/Frameworks",
				);
				HEADER_SEARCH_PATHS = "$(inherited)";
				INFOPLIST_FILE = hcitool.xcodeproj/Bluetooth_Info.plist;
				LD_RUNPATH_SEARCH_PATHS = "$(TOOLCHAIN_DIR)/usr/lib/swift/macosx";
				OTHER_LDFLAGS = "$(inherited)";
				OTHER_SWIFT_FLAGS = "$(inherited)";
				PRODUCT_BUNDLE_IDENTIFIER = Bluetooth;
				PRODUCT_MODULE_NAME = "$(TARGET_NAME:c99extidentifier)";
				PRODUCT_NAME = "$(TARGET_NAME:c99extidentifier)";
				SKIP_INSTALL = YES;
				TARGET_NAME = Bluetooth;
			};
			name = Debug;
		};
		OBJ_140 /* Release */ = {
			isa = XCBuildConfiguration;
			buildSettings = {
				ENABLE_TESTABILITY = YES;
				FRAMEWORK_SEARCH_PATHS = (
					"$(inherited)",
					"$(PLATFORM_DIR)/Developer/Library/Frameworks",
				);
				HEADER_SEARCH_PATHS = "$(inherited)";
				INFOPLIST_FILE = hcitool.xcodeproj/Bluetooth_Info.plist;
				LD_RUNPATH_SEARCH_PATHS = "$(TOOLCHAIN_DIR)/usr/lib/swift/macosx";
				OTHER_LDFLAGS = "$(inherited)";
				OTHER_SWIFT_FLAGS = "$(inherited)";
				PRODUCT_BUNDLE_IDENTIFIER = Bluetooth;
				PRODUCT_MODULE_NAME = "$(TARGET_NAME:c99extidentifier)";
				PRODUCT_NAME = "$(TARGET_NAME:c99extidentifier)";
				SKIP_INSTALL = YES;
				TARGET_NAME = Bluetooth;
			};
			name = Release;
		};
		OBJ_200 /* Debug */ = {
			isa = XCBuildConfiguration;
			buildSettings = {
				ENABLE_TESTABILITY = YES;
				FRAMEWORK_SEARCH_PATHS = (
					"$(inherited)",
					"$(PLATFORM_DIR)/Developer/Library/Frameworks",
				);
				HEADER_SEARCH_PATHS = (
					"$(inherited)",
					"$(SRCROOT)/.build/checkouts/BluetoothLinux.git--691856431040347753/Sources/CSwiftBluetoothLinux/include",
				);
				INFOPLIST_FILE = hcitool.xcodeproj/BluetoothLinux_Info.plist;
				LD_RUNPATH_SEARCH_PATHS = "$(TOOLCHAIN_DIR)/usr/lib/swift/macosx";
				LIBRARY_SEARCH_PATHS = "$(PROJECT_TEMP_DIR)/SymlinkLibs/";
				OTHER_LDFLAGS = "$(inherited)";
				OTHER_SWIFT_FLAGS = "$(inherited) -Xcc -fmodule-map-file=$(SRCROOT)/.build/checkouts/BluetoothLinux.git--691856431040347753/Sources/CSwiftBluetoothLinux/include/module.modulemap";
				PRODUCT_BUNDLE_IDENTIFIER = BluetoothLinux;
				PRODUCT_MODULE_NAME = "$(TARGET_NAME:c99extidentifier)";
				PRODUCT_NAME = "$(TARGET_NAME:c99extidentifier)";
				SKIP_INSTALL = YES;
				TARGET_NAME = BluetoothLinux;
			};
			name = Debug;
		};
		OBJ_201 /* Release */ = {
			isa = XCBuildConfiguration;
			buildSettings = {
				ENABLE_TESTABILITY = YES;
				FRAMEWORK_SEARCH_PATHS = (
					"$(inherited)",
					"$(PLATFORM_DIR)/Developer/Library/Frameworks",
				);
				HEADER_SEARCH_PATHS = (
					"$(inherited)",
					"$(SRCROOT)/.build/checkouts/BluetoothLinux.git--691856431040347753/Sources/CSwiftBluetoothLinux/include",
				);
				INFOPLIST_FILE = hcitool.xcodeproj/BluetoothLinux_Info.plist;
				LD_RUNPATH_SEARCH_PATHS = "$(TOOLCHAIN_DIR)/usr/lib/swift/macosx";
				LIBRARY_SEARCH_PATHS = "$(PROJECT_TEMP_DIR)/SymlinkLibs/";
				OTHER_LDFLAGS = "$(inherited)";
				OTHER_SWIFT_FLAGS = "$(inherited) -Xcc -fmodule-map-file=$(SRCROOT)/.build/checkouts/BluetoothLinux.git--691856431040347753/Sources/CSwiftBluetoothLinux/include/module.modulemap";
				PRODUCT_BUNDLE_IDENTIFIER = BluetoothLinux;
				PRODUCT_MODULE_NAME = "$(TARGET_NAME:c99extidentifier)";
				PRODUCT_NAME = "$(TARGET_NAME:c99extidentifier)";
				SKIP_INSTALL = YES;
				TARGET_NAME = BluetoothLinux;
			};
			name = Release;
		};
		OBJ_223 /* Debug */ = {
			isa = XCBuildConfiguration;
			buildSettings = {
				DEFINES_MODULE = NO;
				ENABLE_TESTABILITY = YES;
				FRAMEWORK_SEARCH_PATHS = (
					"$(inherited)",
					"$(PLATFORM_DIR)/Developer/Library/Frameworks",
				);
				HEADER_SEARCH_PATHS = (
					"$(inherited)",
					"$(SRCROOT)/.build/checkouts/BluetoothLinux.git--691856431040347753/Sources/CSwiftBluetoothLinuxTest/include",
				);
				INFOPLIST_FILE = hcitool.xcodeproj/CSwiftBluetoothLinuxTest_Info.plist;
				LD_RUNPATH_SEARCH_PATHS = "$(TOOLCHAIN_DIR)/usr/lib/swift/macosx";
				OTHER_LDFLAGS = "$(inherited)";
				OTHER_SWIFT_FLAGS = "$(inherited)";
				PRODUCT_BUNDLE_IDENTIFIER = CSwiftBluetoothLinuxTest;
				PRODUCT_MODULE_NAME = "$(TARGET_NAME:c99extidentifier)";
				PRODUCT_NAME = "$(TARGET_NAME:c99extidentifier)";
				SKIP_INSTALL = YES;
				TARGET_NAME = CSwiftBluetoothLinuxTest;
			};
			name = Debug;
		};
		OBJ_224 /* Release */ = {
			isa = XCBuildConfiguration;
			buildSettings = {
				DEFINES_MODULE = NO;
				ENABLE_TESTABILITY = YES;
				FRAMEWORK_SEARCH_PATHS = (
					"$(inherited)",
					"$(PLATFORM_DIR)/Developer/Library/Frameworks",
				);
				HEADER_SEARCH_PATHS = (
					"$(inherited)",
					"$(SRCROOT)/.build/checkouts/BluetoothLinux.git--691856431040347753/Sources/CSwiftBluetoothLinuxTest/include",
				);
				INFOPLIST_FILE = hcitool.xcodeproj/CSwiftBluetoothLinuxTest_Info.plist;
				LD_RUNPATH_SEARCH_PATHS = "$(TOOLCHAIN_DIR)/usr/lib/swift/macosx";
				OTHER_LDFLAGS = "$(inherited)";
				OTHER_SWIFT_FLAGS = "$(inherited)";
				PRODUCT_BUNDLE_IDENTIFIER = CSwiftBluetoothLinuxTest;
				PRODUCT_MODULE_NAME = "$(TARGET_NAME:c99extidentifier)";
				PRODUCT_NAME = "$(TARGET_NAME:c99extidentifier)";
				SKIP_INSTALL = YES;
				TARGET_NAME = CSwiftBluetoothLinuxTest;
			};
			name = Release;
		};
		OBJ_232 /* Debug */ = {
			isa = XCBuildConfiguration;
			buildSettings = {
				DEFINES_MODULE = NO;
				ENABLE_TESTABILITY = YES;
				FRAMEWORK_SEARCH_PATHS = (
					"$(inherited)",
					"$(PLATFORM_DIR)/Developer/Library/Frameworks",
				);
				HEADER_SEARCH_PATHS = (
					"$(inherited)",
					"$(SRCROOT)/.build/checkouts/BluetoothLinux.git--691856431040347753/Sources/CSwiftBluetoothLinux/include",
				);
				INFOPLIST_FILE = hcitool.xcodeproj/CSwiftBluetoothLinux_Info.plist;
				LD_RUNPATH_SEARCH_PATHS = "$(TOOLCHAIN_DIR)/usr/lib/swift/macosx";
				OTHER_LDFLAGS = "$(inherited)";
				OTHER_SWIFT_FLAGS = "$(inherited)";
				PRODUCT_BUNDLE_IDENTIFIER = CSwiftBluetoothLinux;
				PRODUCT_MODULE_NAME = "$(TARGET_NAME:c99extidentifier)";
				PRODUCT_NAME = "$(TARGET_NAME:c99extidentifier)";
				SKIP_INSTALL = YES;
				TARGET_NAME = CSwiftBluetoothLinux;
			};
			name = Debug;
		};
		OBJ_233 /* Release */ = {
			isa = XCBuildConfiguration;
			buildSettings = {
				DEFINES_MODULE = NO;
				ENABLE_TESTABILITY = YES;
				FRAMEWORK_SEARCH_PATHS = (
					"$(inherited)",
					"$(PLATFORM_DIR)/Developer/Library/Frameworks",
				);
				HEADER_SEARCH_PATHS = (
					"$(inherited)",
					"$(SRCROOT)/.build/checkouts/BluetoothLinux.git--691856431040347753/Sources/CSwiftBluetoothLinux/include",
				);
				INFOPLIST_FILE = hcitool.xcodeproj/CSwiftBluetoothLinux_Info.plist;
				LD_RUNPATH_SEARCH_PATHS = "$(TOOLCHAIN_DIR)/usr/lib/swift/macosx";
				OTHER_LDFLAGS = "$(inherited)";
				OTHER_SWIFT_FLAGS = "$(inherited)";
				PRODUCT_BUNDLE_IDENTIFIER = CSwiftBluetoothLinux;
				PRODUCT_MODULE_NAME = "$(TARGET_NAME:c99extidentifier)";
				PRODUCT_NAME = "$(TARGET_NAME:c99extidentifier)";
				SKIP_INSTALL = YES;
				TARGET_NAME = CSwiftBluetoothLinux;
			};
			name = Release;
		};
		OBJ_242 /* Debug */ = {
			isa = XCBuildConfiguration;
			buildSettings = {
				FRAMEWORK_SEARCH_PATHS = (
					"$(inherited)",
					"$(PLATFORM_DIR)/Developer/Library/Frameworks",
				);
				HEADER_SEARCH_PATHS = (
					"$(inherited)",
					"$(SRCROOT)/.build/checkouts/BluetoothLinux.git--691856431040347753/Sources/CSwiftBluetoothLinux/include",
					"$(SRCROOT)/.build/checkouts/BluetoothLinux.git--691856431040347753/Sources/CSwiftBluetoothLinuxTest/include",
				);
				INFOPLIST_FILE = hcitool.xcodeproj/hcitool_Info.plist;
				LD_RUNPATH_SEARCH_PATHS = "$(TOOLCHAIN_DIR)/usr/lib/swift/macosx @executable_path";
				LIBRARY_SEARCH_PATHS = "$(PROJECT_TEMP_DIR)/SymlinkLibs/";
				OTHER_LDFLAGS = "$(inherited)";
				OTHER_SWIFT_FLAGS = "$(inherited) -Xcc -fmodule-map-file=$(SRCROOT)/.build/checkouts/BluetoothLinux.git--691856431040347753/Sources/CSwiftBluetoothLinux/include/module.modulemap -Xcc -fmodule-map-file=$(SRCROOT)/.build/checkouts/BluetoothLinux.git--691856431040347753/Sources/CSwiftBluetoothLinuxTest/include/module.modulemap";
				SWIFT_FORCE_DYNAMIC_LINK_STDLIB = YES;
				SWIFT_FORCE_STATIC_LINK_STDLIB = NO;
				TARGET_NAME = hcitool;
			};
			name = Debug;
		};
		OBJ_243 /* Release */ = {
			isa = XCBuildConfiguration;
			buildSettings = {
				FRAMEWORK_SEARCH_PATHS = (
					"$(inherited)",
					"$(PLATFORM_DIR)/Developer/Library/Frameworks",
				);
				HEADER_SEARCH_PATHS = (
					"$(inherited)",
					"$(SRCROOT)/.build/checkouts/BluetoothLinux.git--691856431040347753/Sources/CSwiftBluetoothLinux/include",
					"$(SRCROOT)/.build/checkouts/BluetoothLinux.git--691856431040347753/Sources/CSwiftBluetoothLinuxTest/include",
				);
				INFOPLIST_FILE = hcitool.xcodeproj/hcitool_Info.plist;
				LD_RUNPATH_SEARCH_PATHS = "$(TOOLCHAIN_DIR)/usr/lib/swift/macosx @executable_path";
				LIBRARY_SEARCH_PATHS = "$(PROJECT_TEMP_DIR)/SymlinkLibs/";
				OTHER_LDFLAGS = "$(inherited)";
				OTHER_SWIFT_FLAGS = "$(inherited) -Xcc -fmodule-map-file=$(SRCROOT)/.build/checkouts/BluetoothLinux.git--691856431040347753/Sources/CSwiftBluetoothLinux/include/module.modulemap -Xcc -fmodule-map-file=$(SRCROOT)/.build/checkouts/BluetoothLinux.git--691856431040347753/Sources/CSwiftBluetoothLinuxTest/include/module.modulemap";
				SWIFT_FORCE_DYNAMIC_LINK_STDLIB = YES;
				SWIFT_FORCE_STATIC_LINK_STDLIB = NO;
				TARGET_NAME = hcitool;
			};
			name = Release;
		};
		OBJ_3 /* Debug */ = {
			isa = XCBuildConfiguration;
			buildSettings = {
				CLANG_ENABLE_OBJC_ARC = YES;
				COMBINE_HIDPI_IMAGES = YES;
				COPY_PHASE_STRIP = NO;
				DEBUG_INFORMATION_FORMAT = dwarf;
				DYLIB_INSTALL_NAME_BASE = "@rpath";
				ENABLE_NS_ASSERTIONS = YES;
				GCC_OPTIMIZATION_LEVEL = 0;
				MACOSX_DEPLOYMENT_TARGET = 10.10;
				ONLY_ACTIVE_ARCH = YES;
				OTHER_SWIFT_FLAGS = "-DXcode";
				PRODUCT_NAME = "$(TARGET_NAME)";
				SDKROOT = macosx;
				SUPPORTED_PLATFORMS = "macosx iphoneos iphonesimulator appletvos appletvsimulator watchos watchsimulator";
				SWIFT_ACTIVE_COMPILATION_CONDITIONS = SWIFT_PACKAGE;
				SWIFT_OPTIMIZATION_LEVEL = "-Onone";
				SWIFT_VERSION = 3.0;
				USE_HEADERMAP = NO;
			};
			name = Debug;
		};
		OBJ_4 /* Release */ = {
			isa = XCBuildConfiguration;
			buildSettings = {
				CLANG_ENABLE_OBJC_ARC = YES;
				COMBINE_HIDPI_IMAGES = YES;
				COPY_PHASE_STRIP = YES;
				DEBUG_INFORMATION_FORMAT = "dwarf-with-dsym";
				DYLIB_INSTALL_NAME_BASE = "@rpath";
				GCC_OPTIMIZATION_LEVEL = s;
				MACOSX_DEPLOYMENT_TARGET = 10.10;
				OTHER_SWIFT_FLAGS = "-DXcode";
				PRODUCT_NAME = "$(TARGET_NAME)";
				SDKROOT = macosx;
				SUPPORTED_PLATFORMS = "macosx iphoneos iphonesimulator appletvos appletvsimulator watchos watchsimulator";
				SWIFT_ACTIVE_COMPILATION_CONDITIONS = SWIFT_PACKAGE;
				SWIFT_OPTIMIZATION_LEVEL = "-Owholemodule";
				SWIFT_VERSION = 3.0;
				USE_HEADERMAP = NO;
			};
			name = Release;
		};
/* End XCBuildConfiguration section */

/* Begin XCConfigurationList section */
		OBJ_121 /* Build configuration list for PBXNativeTarget "Rainbow" */ = {
			isa = XCConfigurationList;
			buildConfigurations = (
				OBJ_122 /* Debug */,
				OBJ_123 /* Release */,
			);
			defaultConfigurationIsVisible = 0;
			defaultConfigurationName = Debug;
		};
		OBJ_138 /* Build configuration list for PBXNativeTarget "Bluetooth" */ = {
			isa = XCConfigurationList;
			buildConfigurations = (
				OBJ_139 /* Debug */,
				OBJ_140 /* Release */,
			);
			defaultConfigurationIsVisible = 0;
			defaultConfigurationName = Debug;
		};
		OBJ_199 /* Build configuration list for PBXNativeTarget "BluetoothLinux" */ = {
			isa = XCConfigurationList;
			buildConfigurations = (
				OBJ_200 /* Debug */,
				OBJ_201 /* Release */,
			);
			defaultConfigurationIsVisible = 0;
			defaultConfigurationName = Debug;
		};
		OBJ_2 /* Build configuration list for PBXProject "hcitool" */ = {
			isa = XCConfigurationList;
			buildConfigurations = (
				OBJ_3 /* Debug */,
				OBJ_4 /* Release */,
			);
			defaultConfigurationIsVisible = 0;
			defaultConfigurationName = Debug;
		};
		OBJ_222 /* Build configuration list for PBXNativeTarget "CSwiftBluetoothLinuxTest" */ = {
			isa = XCConfigurationList;
			buildConfigurations = (
				OBJ_223 /* Debug */,
				OBJ_224 /* Release */,
			);
			defaultConfigurationIsVisible = 0;
			defaultConfigurationName = Debug;
		};
		OBJ_231 /* Build configuration list for PBXNativeTarget "CSwiftBluetoothLinux" */ = {
			isa = XCConfigurationList;
			buildConfigurations = (
				OBJ_232 /* Debug */,
				OBJ_233 /* Release */,
			);
			defaultConfigurationIsVisible = 0;
			defaultConfigurationName = Debug;
		};
		OBJ_241 /* Build configuration list for PBXNativeTarget "hcitool" */ = {
			isa = XCConfigurationList;
			buildConfigurations = (
				OBJ_242 /* Debug */,
				OBJ_243 /* Release */,
			);
			defaultConfigurationIsVisible = 0;
			defaultConfigurationName = Debug;
		};
/* End XCConfigurationList section */
	};
	rootObject = OBJ_1 /* Project object */;
}
